// !$*UTF8*$!
{
	archiveVersion = 1;
	classes = {
	};
	objectVersion = 56;
	objects = {

/* Begin PBXBuildFile section */
		17F1178AE1A9452C78826E5C /* Pods_MoviesWithCombine_MoviesWithCombineUITests.framework in Frameworks */ = {isa = PBXBuildFile; fileRef = 6A6920CE06C982F94152FD8C /* Pods_MoviesWithCombine_MoviesWithCombineUITests.framework */; };
		276B6F85EE86044418D787DF /* Pods_MoviesWithCombine.framework in Frameworks */ = {isa = PBXBuildFile; fileRef = E4C75480A1BAC0050A1D01C6 /* Pods_MoviesWithCombine.framework */; };
		73F80F9ACE77FFE69DF04A56 /* Pods_MoviesWithCombineTests.framework in Frameworks */ = {isa = PBXBuildFile; fileRef = 1C5E1E3F1AA4EF278F088E19 /* Pods_MoviesWithCombineTests.framework */; };
		9A0C20E829A4D07A0030CE94 /* AppDelegate.swift in Sources */ = {isa = PBXBuildFile; fileRef = 9A0C20E729A4D07A0030CE94 /* AppDelegate.swift */; };
		9A0C20EA29A4D07A0030CE94 /* SceneDelegate.swift in Sources */ = {isa = PBXBuildFile; fileRef = 9A0C20E929A4D07A0030CE94 /* SceneDelegate.swift */; };
		9A0C20F129A4D07D0030CE94 /* Assets.xcassets in Resources */ = {isa = PBXBuildFile; fileRef = 9A0C20F029A4D07D0030CE94 /* Assets.xcassets */; };
		9A0C20F429A4D07D0030CE94 /* LaunchScreen.storyboard in Resources */ = {isa = PBXBuildFile; fileRef = 9A0C20F229A4D07D0030CE94 /* LaunchScreen.storyboard */; };
		9A0C20FF29A4D07D0030CE94 /* MoviesWithCombineTests.swift in Sources */ = {isa = PBXBuildFile; fileRef = 9A0C20FE29A4D07D0030CE94 /* MoviesWithCombineTests.swift */; };
		9A0C210929A4D07E0030CE94 /* MoviesWithCombineUITests.swift in Sources */ = {isa = PBXBuildFile; fileRef = 9A0C210829A4D07E0030CE94 /* MoviesWithCombineUITests.swift */; };
		9A0C210B29A4D07E0030CE94 /* MoviesWithCombineUITestsLaunchTests.swift in Sources */ = {isa = PBXBuildFile; fileRef = 9A0C210A29A4D07E0030CE94 /* MoviesWithCombineUITestsLaunchTests.swift */; };
/* End PBXBuildFile section */

/* Begin PBXContainerItemProxy section */
		9A0C20FB29A4D07D0030CE94 /* PBXContainerItemProxy */ = {
			isa = PBXContainerItemProxy;
			containerPortal = 9A0C20DC29A4D0790030CE94 /* Project object */;
			proxyType = 1;
			remoteGlobalIDString = 9A0C20E329A4D0790030CE94;
			remoteInfo = MoviesWithCombine;
		};
		9A0C210529A4D07E0030CE94 /* PBXContainerItemProxy */ = {
			isa = PBXContainerItemProxy;
			containerPortal = 9A0C20DC29A4D0790030CE94 /* Project object */;
			proxyType = 1;
			remoteGlobalIDString = 9A0C20E329A4D0790030CE94;
			remoteInfo = MoviesWithCombine;
		};
/* End PBXContainerItemProxy section */

/* Begin PBXFileReference section */
		01699BF97DE462883B10C440 /* Pods-MoviesWithCombine.debug.xcconfig */ = {isa = PBXFileReference; includeInIndex = 1; lastKnownFileType = text.xcconfig; name = "Pods-MoviesWithCombine.debug.xcconfig"; path = "Target Support Files/Pods-MoviesWithCombine/Pods-MoviesWithCombine.debug.xcconfig"; sourceTree = "<group>"; };
		1C5E1E3F1AA4EF278F088E19 /* Pods_MoviesWithCombineTests.framework */ = {isa = PBXFileReference; explicitFileType = wrapper.framework; includeInIndex = 0; path = Pods_MoviesWithCombineTests.framework; sourceTree = BUILT_PRODUCTS_DIR; };
		284668F28BB53643AC84C383 /* Pods-MoviesWithCombine-MoviesWithCombineUITests.debug.xcconfig */ = {isa = PBXFileReference; includeInIndex = 1; lastKnownFileType = text.xcconfig; name = "Pods-MoviesWithCombine-MoviesWithCombineUITests.debug.xcconfig"; path = "Target Support Files/Pods-MoviesWithCombine-MoviesWithCombineUITests/Pods-MoviesWithCombine-MoviesWithCombineUITests.debug.xcconfig"; sourceTree = "<group>"; };
		5A3E6787AA230C2FF2366791 /* Pods-MoviesWithCombineTests.release.xcconfig */ = {isa = PBXFileReference; includeInIndex = 1; lastKnownFileType = text.xcconfig; name = "Pods-MoviesWithCombineTests.release.xcconfig"; path = "Target Support Files/Pods-MoviesWithCombineTests/Pods-MoviesWithCombineTests.release.xcconfig"; sourceTree = "<group>"; };
		5FD513417A10B3EB4B81D87F /* Pods-MoviesWithCombine-MoviesWithCombineUITests.release.xcconfig */ = {isa = PBXFileReference; includeInIndex = 1; lastKnownFileType = text.xcconfig; name = "Pods-MoviesWithCombine-MoviesWithCombineUITests.release.xcconfig"; path = "Target Support Files/Pods-MoviesWithCombine-MoviesWithCombineUITests/Pods-MoviesWithCombine-MoviesWithCombineUITests.release.xcconfig"; sourceTree = "<group>"; };
		63E209DDDB48E42D890A1BF7 /* Pods-MoviesWithCombineTests.debug.xcconfig */ = {isa = PBXFileReference; includeInIndex = 1; lastKnownFileType = text.xcconfig; name = "Pods-MoviesWithCombineTests.debug.xcconfig"; path = "Target Support Files/Pods-MoviesWithCombineTests/Pods-MoviesWithCombineTests.debug.xcconfig"; sourceTree = "<group>"; };
		6A6920CE06C982F94152FD8C /* Pods_MoviesWithCombine_MoviesWithCombineUITests.framework */ = {isa = PBXFileReference; explicitFileType = wrapper.framework; includeInIndex = 0; path = Pods_MoviesWithCombine_MoviesWithCombineUITests.framework; sourceTree = BUILT_PRODUCTS_DIR; };
		9A0C20E429A4D0790030CE94 /* MoviesWithCombine.app */ = {isa = PBXFileReference; explicitFileType = wrapper.application; includeInIndex = 0; path = MoviesWithCombine.app; sourceTree = BUILT_PRODUCTS_DIR; };
		9A0C20E729A4D07A0030CE94 /* AppDelegate.swift */ = {isa = PBXFileReference; lastKnownFileType = sourcecode.swift; path = AppDelegate.swift; sourceTree = "<group>"; };
		9A0C20E929A4D07A0030CE94 /* SceneDelegate.swift */ = {isa = PBXFileReference; lastKnownFileType = sourcecode.swift; path = SceneDelegate.swift; sourceTree = "<group>"; };
		9A0C20F029A4D07D0030CE94 /* Assets.xcassets */ = {isa = PBXFileReference; lastKnownFileType = folder.assetcatalog; path = Assets.xcassets; sourceTree = "<group>"; };
		9A0C20F329A4D07D0030CE94 /* Base */ = {isa = PBXFileReference; lastKnownFileType = file.storyboard; name = Base; path = Base.lproj/LaunchScreen.storyboard; sourceTree = "<group>"; };
		9A0C20F529A4D07D0030CE94 /* Info.plist */ = {isa = PBXFileReference; lastKnownFileType = text.plist.xml; path = Info.plist; sourceTree = "<group>"; };
		9A0C20FA29A4D07D0030CE94 /* MoviesWithCombineTests.xctest */ = {isa = PBXFileReference; explicitFileType = wrapper.cfbundle; includeInIndex = 0; path = MoviesWithCombineTests.xctest; sourceTree = BUILT_PRODUCTS_DIR; };
		9A0C20FE29A4D07D0030CE94 /* MoviesWithCombineTests.swift */ = {isa = PBXFileReference; lastKnownFileType = sourcecode.swift; path = MoviesWithCombineTests.swift; sourceTree = "<group>"; };
		9A0C210429A4D07E0030CE94 /* MoviesWithCombineUITests.xctest */ = {isa = PBXFileReference; explicitFileType = wrapper.cfbundle; includeInIndex = 0; path = MoviesWithCombineUITests.xctest; sourceTree = BUILT_PRODUCTS_DIR; };
		9A0C210829A4D07E0030CE94 /* MoviesWithCombineUITests.swift */ = {isa = PBXFileReference; lastKnownFileType = sourcecode.swift; path = MoviesWithCombineUITests.swift; sourceTree = "<group>"; };
		9A0C210A29A4D07E0030CE94 /* MoviesWithCombineUITestsLaunchTests.swift */ = {isa = PBXFileReference; lastKnownFileType = sourcecode.swift; path = MoviesWithCombineUITestsLaunchTests.swift; sourceTree = "<group>"; };
		E4C75480A1BAC0050A1D01C6 /* Pods_MoviesWithCombine.framework */ = {isa = PBXFileReference; explicitFileType = wrapper.framework; includeInIndex = 0; path = Pods_MoviesWithCombine.framework; sourceTree = BUILT_PRODUCTS_DIR; };
		FE3BA03D95F54521E240BB2B /* Pods-MoviesWithCombine.release.xcconfig */ = {isa = PBXFileReference; includeInIndex = 1; lastKnownFileType = text.xcconfig; name = "Pods-MoviesWithCombine.release.xcconfig"; path = "Target Support Files/Pods-MoviesWithCombine/Pods-MoviesWithCombine.release.xcconfig"; sourceTree = "<group>"; };
/* End PBXFileReference section */

/* Begin PBXFrameworksBuildPhase section */
		9A0C20E129A4D0790030CE94 /* Frameworks */ = {
			isa = PBXFrameworksBuildPhase;
			buildActionMask = 2147483647;
			files = (
				276B6F85EE86044418D787DF /* Pods_MoviesWithCombine.framework in Frameworks */,
			);
			runOnlyForDeploymentPostprocessing = 0;
		};
		9A0C20F729A4D07D0030CE94 /* Frameworks */ = {
			isa = PBXFrameworksBuildPhase;
			buildActionMask = 2147483647;
			files = (
				73F80F9ACE77FFE69DF04A56 /* Pods_MoviesWithCombineTests.framework in Frameworks */,
			);
			runOnlyForDeploymentPostprocessing = 0;
		};
		9A0C210129A4D07E0030CE94 /* Frameworks */ = {
			isa = PBXFrameworksBuildPhase;
			buildActionMask = 2147483647;
			files = (
				17F1178AE1A9452C78826E5C /* Pods_MoviesWithCombine_MoviesWithCombineUITests.framework in Frameworks */,
			);
			runOnlyForDeploymentPostprocessing = 0;
		};
/* End PBXFrameworksBuildPhase section */

/* Begin PBXGroup section */
		0AAC2CE0B1660D43E0A68101 /* Frameworks */ = {
			isa = PBXGroup;
			children = (
				E4C75480A1BAC0050A1D01C6 /* Pods_MoviesWithCombine.framework */,
				6A6920CE06C982F94152FD8C /* Pods_MoviesWithCombine_MoviesWithCombineUITests.framework */,
				1C5E1E3F1AA4EF278F088E19 /* Pods_MoviesWithCombineTests.framework */,
			);
			name = Frameworks;
			sourceTree = "<group>";
		};
		779BED0EE18B1DDBFB0D511D /* Pods */ = {
			isa = PBXGroup;
			children = (
				01699BF97DE462883B10C440 /* Pods-MoviesWithCombine.debug.xcconfig */,
				FE3BA03D95F54521E240BB2B /* Pods-MoviesWithCombine.release.xcconfig */,
				284668F28BB53643AC84C383 /* Pods-MoviesWithCombine-MoviesWithCombineUITests.debug.xcconfig */,
				5FD513417A10B3EB4B81D87F /* Pods-MoviesWithCombine-MoviesWithCombineUITests.release.xcconfig */,
				63E209DDDB48E42D890A1BF7 /* Pods-MoviesWithCombineTests.debug.xcconfig */,
				5A3E6787AA230C2FF2366791 /* Pods-MoviesWithCombineTests.release.xcconfig */,
			);
			path = Pods;
			sourceTree = "<group>";
		};
		9A0C20DB29A4D0790030CE94 = {
			isa = PBXGroup;
			children = (
				9A0C20E629A4D07A0030CE94 /* MoviesWithCombine */,
				9A0C20FD29A4D07D0030CE94 /* MoviesWithCombineTests */,
				9A0C210729A4D07E0030CE94 /* MoviesWithCombineUITests */,
				9A0C20E529A4D0790030CE94 /* Products */,
				779BED0EE18B1DDBFB0D511D /* Pods */,
				0AAC2CE0B1660D43E0A68101 /* Frameworks */,
			);
			sourceTree = "<group>";
		};
		9A0C20E529A4D0790030CE94 /* Products */ = {
			isa = PBXGroup;
			children = (
				9A0C20E429A4D0790030CE94 /* MoviesWithCombine.app */,
				9A0C20FA29A4D07D0030CE94 /* MoviesWithCombineTests.xctest */,
				9A0C210429A4D07E0030CE94 /* MoviesWithCombineUITests.xctest */,
			);
			name = Products;
			sourceTree = "<group>";
		};
		9A0C20E629A4D07A0030CE94 /* MoviesWithCombine */ = {
			isa = PBXGroup;
			children = (
				9A0C20E729A4D07A0030CE94 /* AppDelegate.swift */,
				9A0C20E929A4D07A0030CE94 /* SceneDelegate.swift */,
				9A0C20F029A4D07D0030CE94 /* Assets.xcassets */,
				9A0C20F229A4D07D0030CE94 /* LaunchScreen.storyboard */,
				9A0C20F529A4D07D0030CE94 /* Info.plist */,
			);
			path = MoviesWithCombine;
			sourceTree = "<group>";
		};
		9A0C20FD29A4D07D0030CE94 /* MoviesWithCombineTests */ = {
			isa = PBXGroup;
			children = (
				9A0C20FE29A4D07D0030CE94 /* MoviesWithCombineTests.swift */,
			);
			path = MoviesWithCombineTests;
			sourceTree = "<group>";
		};
		9A0C210729A4D07E0030CE94 /* MoviesWithCombineUITests */ = {
			isa = PBXGroup;
			children = (
				9A0C210829A4D07E0030CE94 /* MoviesWithCombineUITests.swift */,
				9A0C210A29A4D07E0030CE94 /* MoviesWithCombineUITestsLaunchTests.swift */,
			);
			path = MoviesWithCombineUITests;
			sourceTree = "<group>";
		};
/* End PBXGroup section */

/* Begin PBXNativeTarget section */
		9A0C20E329A4D0790030CE94 /* MoviesWithCombine */ = {
			isa = PBXNativeTarget;
			buildConfigurationList = 9A0C210E29A4D07E0030CE94 /* Build configuration list for PBXNativeTarget "MoviesWithCombine" */;
			buildPhases = (
				20D80EF7B25E07DFF064D960 /* [CP] Check Pods Manifest.lock */,
				9A0C20E029A4D0790030CE94 /* Sources */,
				9A0C20E129A4D0790030CE94 /* Frameworks */,
				9A0C20E229A4D0790030CE94 /* Resources */,
				6FA1DF0982ED5B39E3AD6895 /* [CP] Embed Pods Frameworks */,
			);
			buildRules = (
			);
			dependencies = (
			);
			name = MoviesWithCombine;
			productName = MoviesWithCombine;
			productReference = 9A0C20E429A4D0790030CE94 /* MoviesWithCombine.app */;
			productType = "com.apple.product-type.application";
		};
		9A0C20F929A4D07D0030CE94 /* MoviesWithCombineTests */ = {
			isa = PBXNativeTarget;
			buildConfigurationList = 9A0C211129A4D07E0030CE94 /* Build configuration list for PBXNativeTarget "MoviesWithCombineTests" */;
			buildPhases = (
				DA4A2666F80229ACD2645BF0 /* [CP] Check Pods Manifest.lock */,
				9A0C20F629A4D07D0030CE94 /* Sources */,
				9A0C20F729A4D07D0030CE94 /* Frameworks */,
				9A0C20F829A4D07D0030CE94 /* Resources */,
				513039F68B4C8C6989B8017A /* [CP] Embed Pods Frameworks */,
			);
			buildRules = (
			);
			dependencies = (
				9A0C20FC29A4D07D0030CE94 /* PBXTargetDependency */,
			);
			name = MoviesWithCombineTests;
			productName = MoviesWithCombineTests;
			productReference = 9A0C20FA29A4D07D0030CE94 /* MoviesWithCombineTests.xctest */;
			productType = "com.apple.product-type.bundle.unit-test";
		};
		9A0C210329A4D07E0030CE94 /* MoviesWithCombineUITests */ = {
			isa = PBXNativeTarget;
			buildConfigurationList = 9A0C211429A4D07E0030CE94 /* Build configuration list for PBXNativeTarget "MoviesWithCombineUITests" */;
			buildPhases = (
				608F94749FA99C6388CC5179 /* [CP] Check Pods Manifest.lock */,
				9A0C210029A4D07E0030CE94 /* Sources */,
				9A0C210129A4D07E0030CE94 /* Frameworks */,
				9A0C210229A4D07E0030CE94 /* Resources */,
				04061B57B85962FFB470687F /* [CP] Embed Pods Frameworks */,
			);
			buildRules = (
			);
			dependencies = (
				9A0C210629A4D07E0030CE94 /* PBXTargetDependency */,
			);
			name = MoviesWithCombineUITests;
			productName = MoviesWithCombineUITests;
			productReference = 9A0C210429A4D07E0030CE94 /* MoviesWithCombineUITests.xctest */;
			productType = "com.apple.product-type.bundle.ui-testing";
		};
/* End PBXNativeTarget section */

/* Begin PBXProject section */
		9A0C20DC29A4D0790030CE94 /* Project object */ = {
			isa = PBXProject;
			attributes = {
				BuildIndependentTargetsInParallel = 1;
				LastSwiftUpdateCheck = 1400;
				LastUpgradeCheck = 1400;
				TargetAttributes = {
					9A0C20E329A4D0790030CE94 = {
						CreatedOnToolsVersion = 14.0.1;
					};
					9A0C20F929A4D07D0030CE94 = {
						CreatedOnToolsVersion = 14.0.1;
						TestTargetID = 9A0C20E329A4D0790030CE94;
					};
					9A0C210329A4D07E0030CE94 = {
						CreatedOnToolsVersion = 14.0.1;
						TestTargetID = 9A0C20E329A4D0790030CE94;
					};
				};
			};
			buildConfigurationList = 9A0C20DF29A4D0790030CE94 /* Build configuration list for PBXProject "MoviesWithCombine" */;
			compatibilityVersion = "Xcode 14.0";
			developmentRegion = en;
			hasScannedForEncodings = 0;
			knownRegions = (
				en,
				Base,
			);
			mainGroup = 9A0C20DB29A4D0790030CE94;
			productRefGroup = 9A0C20E529A4D0790030CE94 /* Products */;
			projectDirPath = "";
			projectRoot = "";
			targets = (
				9A0C20E329A4D0790030CE94 /* MoviesWithCombine */,
				9A0C20F929A4D07D0030CE94 /* MoviesWithCombineTests */,
				9A0C210329A4D07E0030CE94 /* MoviesWithCombineUITests */,
			);
		};
/* End PBXProject section */

/* Begin PBXResourcesBuildPhase section */
		9A0C20E229A4D0790030CE94 /* Resources */ = {
			isa = PBXResourcesBuildPhase;
			buildActionMask = 2147483647;
			files = (
				9A0C20F429A4D07D0030CE94 /* LaunchScreen.storyboard in Resources */,
				9A0C20F129A4D07D0030CE94 /* Assets.xcassets in Resources */,
			);
			runOnlyForDeploymentPostprocessing = 0;
		};
		9A0C20F829A4D07D0030CE94 /* Resources */ = {
			isa = PBXResourcesBuildPhase;
			buildActionMask = 2147483647;
			files = (
			);
			runOnlyForDeploymentPostprocessing = 0;
		};
		9A0C210229A4D07E0030CE94 /* Resources */ = {
			isa = PBXResourcesBuildPhase;
			buildActionMask = 2147483647;
			files = (
			);
			runOnlyForDeploymentPostprocessing = 0;
		};
/* End PBXResourcesBuildPhase section */

/* Begin PBXShellScriptBuildPhase section */
		04061B57B85962FFB470687F /* [CP] Embed Pods Frameworks */ = {
			isa = PBXShellScriptBuildPhase;
			buildActionMask = 2147483647;
			files = (
			);
			inputFileListPaths = (
				"${PODS_ROOT}/Target Support Files/Pods-MoviesWithCombine-MoviesWithCombineUITests/Pods-MoviesWithCombine-MoviesWithCombineUITests-frameworks-${CONFIGURATION}-input-files.xcfilelist",
			);
			name = "[CP] Embed Pods Frameworks";
			outputFileListPaths = (
				"${PODS_ROOT}/Target Support Files/Pods-MoviesWithCombine-MoviesWithCombineUITests/Pods-MoviesWithCombine-MoviesWithCombineUITests-frameworks-${CONFIGURATION}-output-files.xcfilelist",
			);
			runOnlyForDeploymentPostprocessing = 0;
			shellPath = /bin/sh;
			shellScript = "\"${PODS_ROOT}/Target Support Files/Pods-MoviesWithCombine-MoviesWithCombineUITests/Pods-MoviesWithCombine-MoviesWithCombineUITests-frameworks.sh\"\n";
			showEnvVarsInLog = 0;
		};
		20D80EF7B25E07DFF064D960 /* [CP] Check Pods Manifest.lock */ = {
			isa = PBXShellScriptBuildPhase;
			buildActionMask = 2147483647;
			files = (
			);
			inputFileListPaths = (
			);
			inputPaths = (
				"${PODS_PODFILE_DIR_PATH}/Podfile.lock",
				"${PODS_ROOT}/Manifest.lock",
			);
			name = "[CP] Check Pods Manifest.lock";
			outputFileListPaths = (
			);
			outputPaths = (
				"$(DERIVED_FILE_DIR)/Pods-MoviesWithCombine-checkManifestLockResult.txt",
			);
			runOnlyForDeploymentPostprocessing = 0;
			shellPath = /bin/sh;
			shellScript = "diff \"${PODS_PODFILE_DIR_PATH}/Podfile.lock\" \"${PODS_ROOT}/Manifest.lock\" > /dev/null\nif [ $? != 0 ] ; then\n    # print error to STDERR\n    echo \"error: The sandbox is not in sync with the Podfile.lock. Run 'pod install' or update your CocoaPods installation.\" >&2\n    exit 1\nfi\n# This output is used by Xcode 'outputs' to avoid re-running this script phase.\necho \"SUCCESS\" > \"${SCRIPT_OUTPUT_FILE_0}\"\n";
			showEnvVarsInLog = 0;
		};
		513039F68B4C8C6989B8017A /* [CP] Embed Pods Frameworks */ = {
			isa = PBXShellScriptBuildPhase;
			buildActionMask = 2147483647;
			files = (
			);
			inputFileListPaths = (
				"${PODS_ROOT}/Target Support Files/Pods-MoviesWithCombineTests/Pods-MoviesWithCombineTests-frameworks-${CONFIGURATION}-input-files.xcfilelist",
			);
			name = "[CP] Embed Pods Frameworks";
			outputFileListPaths = (
				"${PODS_ROOT}/Target Support Files/Pods-MoviesWithCombineTests/Pods-MoviesWithCombineTests-frameworks-${CONFIGURATION}-output-files.xcfilelist",
			);
			runOnlyForDeploymentPostprocessing = 0;
			shellPath = /bin/sh;
			shellScript = "\"${PODS_ROOT}/Target Support Files/Pods-MoviesWithCombineTests/Pods-MoviesWithCombineTests-frameworks.sh\"\n";
			showEnvVarsInLog = 0;
		};
		608F94749FA99C6388CC5179 /* [CP] Check Pods Manifest.lock */ = {
			isa = PBXShellScriptBuildPhase;
			buildActionMask = 2147483647;
			files = (
			);
			inputFileListPaths = (
			);
			inputPaths = (
				"${PODS_PODFILE_DIR_PATH}/Podfile.lock",
				"${PODS_ROOT}/Manifest.lock",
			);
			name = "[CP] Check Pods Manifest.lock";
			outputFileListPaths = (
			);
			outputPaths = (
				"$(DERIVED_FILE_DIR)/Pods-MoviesWithCombine-MoviesWithCombineUITests-checkManifestLockResult.txt",
			);
			runOnlyForDeploymentPostprocessing = 0;
			shellPath = /bin/sh;
			shellScript = "diff \"${PODS_PODFILE_DIR_PATH}/Podfile.lock\" \"${PODS_ROOT}/Manifest.lock\" > /dev/null\nif [ $? != 0 ] ; then\n    # print error to STDERR\n    echo \"error: The sandbox is not in sync with the Podfile.lock. Run 'pod install' or update your CocoaPods installation.\" >&2\n    exit 1\nfi\n# This output is used by Xcode 'outputs' to avoid re-running this script phase.\necho \"SUCCESS\" > \"${SCRIPT_OUTPUT_FILE_0}\"\n";
			showEnvVarsInLog = 0;
		};
		6FA1DF0982ED5B39E3AD6895 /* [CP] Embed Pods Frameworks */ = {
			isa = PBXShellScriptBuildPhase;
			buildActionMask = 2147483647;
			files = (
			);
			inputFileListPaths = (
				"${PODS_ROOT}/Target Support Files/Pods-MoviesWithCombine/Pods-MoviesWithCombine-frameworks-${CONFIGURATION}-input-files.xcfilelist",
			);
			name = "[CP] Embed Pods Frameworks";
			outputFileListPaths = (
				"${PODS_ROOT}/Target Support Files/Pods-MoviesWithCombine/Pods-MoviesWithCombine-frameworks-${CONFIGURATION}-output-files.xcfilelist",
			);
			runOnlyForDeploymentPostprocessing = 0;
			shellPath = /bin/sh;
			shellScript = "\"${PODS_ROOT}/Target Support Files/Pods-MoviesWithCombine/Pods-MoviesWithCombine-frameworks.sh\"\n";
			showEnvVarsInLog = 0;
		};
		DA4A2666F80229ACD2645BF0 /* [CP] Check Pods Manifest.lock */ = {
			isa = PBXShellScriptBuildPhase;
			buildActionMask = 2147483647;
			files = (
			);
			inputFileListPaths = (
			);
			inputPaths = (
				"${PODS_PODFILE_DIR_PATH}/Podfile.lock",
				"${PODS_ROOT}/Manifest.lock",
			);
			name = "[CP] Check Pods Manifest.lock";
			outputFileListPaths = (
			);
			outputPaths = (
				"$(DERIVED_FILE_DIR)/Pods-MoviesWithCombineTests-checkManifestLockResult.txt",
			);
			runOnlyForDeploymentPostprocessing = 0;
			shellPath = /bin/sh;
			shellScript = "diff \"${PODS_PODFILE_DIR_PATH}/Podfile.lock\" \"${PODS_ROOT}/Manifest.lock\" > /dev/null\nif [ $? != 0 ] ; then\n    # print error to STDERR\n    echo \"error: The sandbox is not in sync with the Podfile.lock. Run 'pod install' or update your CocoaPods installation.\" >&2\n    exit 1\nfi\n# This output is used by Xcode 'outputs' to avoid re-running this script phase.\necho \"SUCCESS\" > \"${SCRIPT_OUTPUT_FILE_0}\"\n";
			showEnvVarsInLog = 0;
		};
/* End PBXShellScriptBuildPhase section */

/* Begin PBXSourcesBuildPhase section */
		9A0C20E029A4D0790030CE94 /* Sources */ = {
			isa = PBXSourcesBuildPhase;
			buildActionMask = 2147483647;
			files = (
				9A0C20E829A4D07A0030CE94 /* AppDelegate.swift in Sources */,
				9A0C20EA29A4D07A0030CE94 /* SceneDelegate.swift in Sources */,
			);
			runOnlyForDeploymentPostprocessing = 0;
		};
		9A0C20F629A4D07D0030CE94 /* Sources */ = {
			isa = PBXSourcesBuildPhase;
			buildActionMask = 2147483647;
			files = (
				9A0C20FF29A4D07D0030CE94 /* MoviesWithCombineTests.swift in Sources */,
			);
			runOnlyForDeploymentPostprocessing = 0;
		};
		9A0C210029A4D07E0030CE94 /* Sources */ = {
			isa = PBXSourcesBuildPhase;
			buildActionMask = 2147483647;
			files = (
				9A0C210929A4D07E0030CE94 /* MoviesWithCombineUITests.swift in Sources */,
				9A0C210B29A4D07E0030CE94 /* MoviesWithCombineUITestsLaunchTests.swift in Sources */,
			);
			runOnlyForDeploymentPostprocessing = 0;
		};
/* End PBXSourcesBuildPhase section */

/* Begin PBXTargetDependency section */
		9A0C20FC29A4D07D0030CE94 /* PBXTargetDependency */ = {
			isa = PBXTargetDependency;
			target = 9A0C20E329A4D0790030CE94 /* MoviesWithCombine */;
			targetProxy = 9A0C20FB29A4D07D0030CE94 /* PBXContainerItemProxy */;
		};
		9A0C210629A4D07E0030CE94 /* PBXTargetDependency */ = {
			isa = PBXTargetDependency;
			target = 9A0C20E329A4D0790030CE94 /* MoviesWithCombine */;
			targetProxy = 9A0C210529A4D07E0030CE94 /* PBXContainerItemProxy */;
		};
/* End PBXTargetDependency section */

/* Begin PBXVariantGroup section */
		9A0C20F229A4D07D0030CE94 /* LaunchScreen.storyboard */ = {
			isa = PBXVariantGroup;
			children = (
				9A0C20F329A4D07D0030CE94 /* Base */,
			);
			name = LaunchScreen.storyboard;
			sourceTree = "<group>";
		};
/* End PBXVariantGroup section */

/* Begin XCBuildConfiguration section */
		9A0C210C29A4D07E0030CE94 /* Debug */ = {
			isa = XCBuildConfiguration;
			buildSettings = {
				ALWAYS_SEARCH_USER_PATHS = NO;
				CLANG_ANALYZER_NONNULL = YES;
				CLANG_ANALYZER_NUMBER_OBJECT_CONVERSION = YES_AGGRESSIVE;
				CLANG_CXX_LANGUAGE_STANDARD = "gnu++20";
				CLANG_ENABLE_MODULES = YES;
				CLANG_ENABLE_OBJC_ARC = YES;
				CLANG_ENABLE_OBJC_WEAK = YES;
				CLANG_WARN_BLOCK_CAPTURE_AUTORELEASING = YES;
				CLANG_WARN_BOOL_CONVERSION = YES;
				CLANG_WARN_COMMA = YES;
				CLANG_WARN_CONSTANT_CONVERSION = YES;
				CLANG_WARN_DEPRECATED_OBJC_IMPLEMENTATIONS = YES;
				CLANG_WARN_DIRECT_OBJC_ISA_USAGE = YES_ERROR;
				CLANG_WARN_DOCUMENTATION_COMMENTS = YES;
				CLANG_WARN_EMPTY_BODY = YES;
				CLANG_WARN_ENUM_CONVERSION = YES;
				CLANG_WARN_INFINITE_RECURSION = YES;
				CLANG_WARN_INT_CONVERSION = YES;
				CLANG_WARN_NON_LITERAL_NULL_CONVERSION = YES;
				CLANG_WARN_OBJC_IMPLICIT_RETAIN_SELF = YES;
				CLANG_WARN_OBJC_LITERAL_CONVERSION = YES;
				CLANG_WARN_OBJC_ROOT_CLASS = YES_ERROR;
				CLANG_WARN_QUOTED_INCLUDE_IN_FRAMEWORK_HEADER = YES;
				CLANG_WARN_RANGE_LOOP_ANALYSIS = YES;
				CLANG_WARN_STRICT_PROTOTYPES = YES;
				CLANG_WARN_SUSPICIOUS_MOVE = YES;
				CLANG_WARN_UNGUARDED_AVAILABILITY = YES_AGGRESSIVE;
				CLANG_WARN_UNREACHABLE_CODE = YES;
				CLANG_WARN__DUPLICATE_METHOD_MATCH = YES;
				COPY_PHASE_STRIP = NO;
				DEBUG_INFORMATION_FORMAT = dwarf;
				ENABLE_STRICT_OBJC_MSGSEND = YES;
				ENABLE_TESTABILITY = YES;
				GCC_C_LANGUAGE_STANDARD = gnu11;
				GCC_DYNAMIC_NO_PIC = NO;
				GCC_NO_COMMON_BLOCKS = YES;
				GCC_OPTIMIZATION_LEVEL = 0;
				GCC_PREPROCESSOR_DEFINITIONS = (
					"DEBUG=1",
					"$(inherited)",
				);
				GCC_WARN_64_TO_32_BIT_CONVERSION = YES;
				GCC_WARN_ABOUT_RETURN_TYPE = YES_ERROR;
				GCC_WARN_UNDECLARED_SELECTOR = YES;
				GCC_WARN_UNINITIALIZED_AUTOS = YES_AGGRESSIVE;
				GCC_WARN_UNUSED_FUNCTION = YES;
				GCC_WARN_UNUSED_VARIABLE = YES;
				IPHONEOS_DEPLOYMENT_TARGET = 16.0;
				MTL_ENABLE_DEBUG_INFO = INCLUDE_SOURCE;
				MTL_FAST_MATH = YES;
				ONLY_ACTIVE_ARCH = YES;
				SDKROOT = iphoneos;
				SWIFT_ACTIVE_COMPILATION_CONDITIONS = DEBUG;
				SWIFT_OPTIMIZATION_LEVEL = "-Onone";
			};
			name = Debug;
		};
		9A0C210D29A4D07E0030CE94 /* Release */ = {
			isa = XCBuildConfiguration;
			buildSettings = {
				ALWAYS_SEARCH_USER_PATHS = NO;
				CLANG_ANALYZER_NONNULL = YES;
				CLANG_ANALYZER_NUMBER_OBJECT_CONVERSION = YES_AGGRESSIVE;
				CLANG_CXX_LANGUAGE_STANDARD = "gnu++20";
				CLANG_ENABLE_MODULES = YES;
				CLANG_ENABLE_OBJC_ARC = YES;
				CLANG_ENABLE_OBJC_WEAK = YES;
				CLANG_WARN_BLOCK_CAPTURE_AUTORELEASING = YES;
				CLANG_WARN_BOOL_CONVERSION = YES;
				CLANG_WARN_COMMA = YES;
				CLANG_WARN_CONSTANT_CONVERSION = YES;
				CLANG_WARN_DEPRECATED_OBJC_IMPLEMENTATIONS = YES;
				CLANG_WARN_DIRECT_OBJC_ISA_USAGE = YES_ERROR;
				CLANG_WARN_DOCUMENTATION_COMMENTS = YES;
				CLANG_WARN_EMPTY_BODY = YES;
				CLANG_WARN_ENUM_CONVERSION = YES;
				CLANG_WARN_INFINITE_RECURSION = YES;
				CLANG_WARN_INT_CONVERSION = YES;
				CLANG_WARN_NON_LITERAL_NULL_CONVERSION = YES;
				CLANG_WARN_OBJC_IMPLICIT_RETAIN_SELF = YES;
				CLANG_WARN_OBJC_LITERAL_CONVERSION = YES;
				CLANG_WARN_OBJC_ROOT_CLASS = YES_ERROR;
				CLANG_WARN_QUOTED_INCLUDE_IN_FRAMEWORK_HEADER = YES;
				CLANG_WARN_RANGE_LOOP_ANALYSIS = YES;
				CLANG_WARN_STRICT_PROTOTYPES = YES;
				CLANG_WARN_SUSPICIOUS_MOVE = YES;
				CLANG_WARN_UNGUARDED_AVAILABILITY = YES_AGGRESSIVE;
				CLANG_WARN_UNREACHABLE_CODE = YES;
				CLANG_WARN__DUPLICATE_METHOD_MATCH = YES;
				COPY_PHASE_STRIP = NO;
				DEBUG_INFORMATION_FORMAT = "dwarf-with-dsym";
				ENABLE_NS_ASSERTIONS = NO;
				ENABLE_STRICT_OBJC_MSGSEND = YES;
				GCC_C_LANGUAGE_STANDARD = gnu11;
				GCC_NO_COMMON_BLOCKS = YES;
				GCC_WARN_64_TO_32_BIT_CONVERSION = YES;
				GCC_WARN_ABOUT_RETURN_TYPE = YES_ERROR;
				GCC_WARN_UNDECLARED_SELECTOR = YES;
				GCC_WARN_UNINITIALIZED_AUTOS = YES_AGGRESSIVE;
				GCC_WARN_UNUSED_FUNCTION = YES;
				GCC_WARN_UNUSED_VARIABLE = YES;
				IPHONEOS_DEPLOYMENT_TARGET = 16.0;
				MTL_ENABLE_DEBUG_INFO = NO;
				MTL_FAST_MATH = YES;
				SDKROOT = iphoneos;
				SWIFT_COMPILATION_MODE = wholemodule;
				SWIFT_OPTIMIZATION_LEVEL = "-O";
				VALIDATE_PRODUCT = YES;
			};
			name = Release;
		};
		9A0C210F29A4D07E0030CE94 /* Debug */ = {
			isa = XCBuildConfiguration;
			baseConfigurationReference = 01699BF97DE462883B10C440 /* Pods-MoviesWithCombine.debug.xcconfig */;
			buildSettings = {
				ASSETCATALOG_COMPILER_APPICON_NAME = AppIcon;
				ASSETCATALOG_COMPILER_GLOBAL_ACCENT_COLOR_NAME = AccentColor;
				CODE_SIGN_STYLE = Automatic;
				CURRENT_PROJECT_VERSION = 1;
				DEVELOPMENT_TEAM = 36UUT2F55J;
				GENERATE_INFOPLIST_FILE = YES;
				INFOPLIST_FILE = MoviesWithCombine/Info.plist;
				INFOPLIST_KEY_LSApplicationCategoryType = "public.app-category.business";
				INFOPLIST_KEY_UIApplicationSupportsIndirectInputEvents = YES;
				INFOPLIST_KEY_UILaunchStoryboardName = LaunchScreen;
				INFOPLIST_KEY_UIMainStoryboardFile = Main;
				INFOPLIST_KEY_UISupportedInterfaceOrientations = UIInterfaceOrientationPortrait;
				IPHONEOS_DEPLOYMENT_TARGET = 14.0;
				LD_RUNPATH_SEARCH_PATHS = (
					"$(inherited)",
					"@executable_path/Frameworks",
				);
				MARKETING_VERSION = 1.0;
				PRODUCT_BUNDLE_IDENTIFIER = com.PromoClicks.MoviesWithCombine.MoviesWithCombine;
				PRODUCT_NAME = "$(TARGET_NAME)";
				SWIFT_EMIT_LOC_STRINGS = YES;
				SWIFT_VERSION = 5.0;
				TARGETED_DEVICE_FAMILY = "1,2";
			};
			name = Debug;
		};
		9A0C211029A4D07E0030CE94 /* Release */ = {
			isa = XCBuildConfiguration;
			baseConfigurationReference = FE3BA03D95F54521E240BB2B /* Pods-MoviesWithCombine.release.xcconfig */;
			buildSettings = {
				ASSETCATALOG_COMPILER_APPICON_NAME = AppIcon;
				ASSETCATALOG_COMPILER_GLOBAL_ACCENT_COLOR_NAME = AccentColor;
				CODE_SIGN_STYLE = Automatic;
				CURRENT_PROJECT_VERSION = 1;
				DEVELOPMENT_TEAM = 36UUT2F55J;
				GENERATE_INFOPLIST_FILE = YES;
				INFOPLIST_FILE = MoviesWithCombine/Info.plist;
				INFOPLIST_KEY_LSApplicationCategoryType = "public.app-category.business";
				INFOPLIST_KEY_UIApplicationSupportsIndirectInputEvents = YES;
				INFOPLIST_KEY_UILaunchStoryboardName = LaunchScreen;
				INFOPLIST_KEY_UIMainStoryboardFile = Main;
				INFOPLIST_KEY_UISupportedInterfaceOrientations = UIInterfaceOrientationPortrait;
				IPHONEOS_DEPLOYMENT_TARGET = 14.0;
				LD_RUNPATH_SEARCH_PATHS = (
					"$(inherited)",
					"@executable_path/Frameworks",
				);
				MARKETING_VERSION = 1.0;
				PRODUCT_BUNDLE_IDENTIFIER = com.PromoClicks.MoviesWithCombine.MoviesWithCombine;
				PRODUCT_NAME = "$(TARGET_NAME)";
				SWIFT_EMIT_LOC_STRINGS = YES;
				SWIFT_VERSION = 5.0;
				TARGETED_DEVICE_FAMILY = "1,2";
			};
			name = Release;
		};
		9A0C211229A4D07E0030CE94 /* Debug */ = {
			isa = XCBuildConfiguration;
			baseConfigurationReference = 63E209DDDB48E42D890A1BF7 /* Pods-MoviesWithCombineTests.debug.xcconfig */;
			buildSettings = {
				ALWAYS_EMBED_SWIFT_STANDARD_LIBRARIES = YES;
				BUNDLE_LOADER = "$(TEST_HOST)";
				CODE_SIGN_STYLE = Automatic;
				CURRENT_PROJECT_VERSION = 1;
				DEVELOPMENT_TEAM = 36UUT2F55J;
				GENERATE_INFOPLIST_FILE = YES;
				IPHONEOS_DEPLOYMENT_TARGET = 16.0;
				MARKETING_VERSION = 1.0;
				PRODUCT_BUNDLE_IDENTIFIER = com.PromoClicks.MoviesWithCombine.MoviesWithCombineTests;
				PRODUCT_NAME = "$(TARGET_NAME)";
				SWIFT_EMIT_LOC_STRINGS = NO;
				SWIFT_VERSION = 5.0;
				TARGETED_DEVICE_FAMILY = "1,2";
				TEST_HOST = "$(BUILT_PRODUCTS_DIR)/MoviesWithCombine.app/$(BUNDLE_EXECUTABLE_FOLDER_PATH)/MoviesWithCombine";
			};
			name = Debug;
		};
		9A0C211329A4D07E0030CE94 /* Release */ = {
			isa = XCBuildConfiguration;
			baseConfigurationReference = 5A3E6787AA230C2FF2366791 /* Pods-MoviesWithCombineTests.release.xcconfig */;
			buildSettings = {
				ALWAYS_EMBED_SWIFT_STANDARD_LIBRARIES = YES;
				BUNDLE_LOADER = "$(TEST_HOST)";
				CODE_SIGN_STYLE = Automatic;
				CURRENT_PROJECT_VERSION = 1;
				DEVELOPMENT_TEAM = 36UUT2F55J;
				GENERATE_INFOPLIST_FILE = YES;
				IPHONEOS_DEPLOYMENT_TARGET = 16.0;
				MARKETING_VERSION = 1.0;
				PRODUCT_BUNDLE_IDENTIFIER = com.PromoClicks.MoviesWithCombine.MoviesWithCombineTests;
				PRODUCT_NAME = "$(TARGET_NAME)";
				SWIFT_EMIT_LOC_STRINGS = NO;
				SWIFT_VERSION = 5.0;
				TARGETED_DEVICE_FAMILY = "1,2";
				TEST_HOST = "$(BUILT_PRODUCTS_DIR)/MoviesWithCombine.app/$(BUNDLE_EXECUTABLE_FOLDER_PATH)/MoviesWithCombine";
			};
			name = Release;
		};
		9A0C211529A4D07E0030CE94 /* Debug */ = {
			isa = XCBuildConfiguration;
			baseConfigurationReference = 284668F28BB53643AC84C383 /* Pods-MoviesWithCombine-MoviesWithCombineUITests.debug.xcconfig */;
			buildSettings = {
				ALWAYS_EMBED_SWIFT_STANDARD_LIBRARIES = YES;
				CODE_SIGN_STYLE = Automatic;
				CURRENT_PROJECT_VERSION = 1;
				DEVELOPMENT_TEAM = 36UUT2F55J;
				GENERATE_INFOPLIST_FILE = YES;
				MARKETING_VERSION = 1.0;
				PRODUCT_BUNDLE_IDENTIFIER = com.PromoClicks.MoviesWithCombine.MoviesWithCombineUITests;
				PRODUCT_NAME = "$(TARGET_NAME)";
				SWIFT_EMIT_LOC_STRINGS = NO;
				SWIFT_VERSION = 5.0;
				TARGETED_DEVICE_FAMILY = "1,2";
				TEST_TARGET_NAME = MoviesWithCombine;
			};
			name = Debug;
		};
		9A0C211629A4D07E0030CE94 /* Release */ = {
			isa = XCBuildConfiguration;
			baseConfigurationReference = 5FD513417A10B3EB4B81D87F /* Pods-MoviesWithCombine-MoviesWithCombineUITests.release.xcconfig */;
			buildSettings = {
				ALWAYS_EMBED_SWIFT_STANDARD_LIBRARIES = YES;
				CODE_SIGN_STYLE = Automatic;
				CURRENT_PROJECT_VERSION = 1;
				DEVELOPMENT_TEAM = 36UUT2F55J;
				GENERATE_INFOPLIST_FILE = YES;
				MARKETING_VERSION = 1.0;
				PRODUCT_BUNDLE_IDENTIFIER = com.PromoClicks.MoviesWithCombine.MoviesWithCombineUITests;
				PRODUCT_NAME = "$(TARGET_NAME)";
				SWIFT_EMIT_LOC_STRINGS = NO;
				SWIFT_VERSION = 5.0;
				TARGETED_DEVICE_FAMILY = "1,2";
				TEST_TARGET_NAME = MoviesWithCombine;
			};
			name = Release;
		};
/* End XCBuildConfiguration section */

/* Begin XCConfigurationList section */
		9A0C20DF29A4D0790030CE94 /* Build configuration list for PBXProject "MoviesWithCombine" */ = {
			isa = XCConfigurationList;
			buildConfigurations = (
				9A0C210C29A4D07E0030CE94 /* Debug */,
				9A0C210D29A4D07E0030CE94 /* Release */,
			);
			defaultConfigurationIsVisible = 0;
			defaultConfigurationName = Release;
		};
		9A0C210E29A4D07E0030CE94 /* Build configuration list for PBXNativeTarget "MoviesWithCombine" */ = {
			isa = XCConfigurationList;
			buildConfigurations = (
				9A0C210F29A4D07E0030CE94 /* Debug */,
				9A0C211029A4D07E0030CE94 /* Release */,
			);
			defaultConfigurationIsVisible = 0;
			defaultConfigurationName = Release;
		};
		9A0C211129A4D07E0030CE94 /* Build configuration list for PBXNativeTarget "MoviesWithCombineTests" */ = {
			isa = XCConfigurationList;
			buildConfigurations = (
				9A0C211229A4D07E0030CE94 /* Debug */,
				9A0C211329A4D07E0030CE94 /* Release */,
			);
			defaultConfigurationIsVisible = 0;
			defaultConfigurationName = Release;
		};
		9A0C211429A4D07E0030CE94 /* Build configuration list for PBXNativeTarget "MoviesWithCombineUITests" */ = {
			isa = XCConfigurationList;
			buildConfigurations = (
				9A0C211529A4D07E0030CE94 /* Debug */,
				9A0C211629A4D07E0030CE94 /* Release */,
			);
			defaultConfigurationIsVisible = 0;
			defaultConfigurationName = Release;
		};
/* End XCConfigurationList section */
	};
	rootObject = 9A0C20DC29A4D0790030CE94 /* Project object */;
}
