// !$*UTF8*$!
{
	archiveVersion = 1;
	classes = {
	};
	objectVersion = 56;
	objects = {

/* Begin PBXBuildFile section */
		17F1178AE1A9452C78826E5C /* Pods_MoviesWithCombine_MoviesWithCombineUITests.framework in Frameworks */ = {isa = PBXBuildFile; fileRef = 6A6920CE06C982F94152FD8C /* Pods_MoviesWithCombine_MoviesWithCombineUITests.framework */; };
		276B6F85EE86044418D787DF /* Pods_MoviesWithCombine.framework in Frameworks */ = {isa = PBXBuildFile; fileRef = E4C75480A1BAC0050A1D01C6 /* Pods_MoviesWithCombine.framework */; };
		73F80F9ACE77FFE69DF04A56 /* Pods_MoviesWithCombineTests.framework in Frameworks */ = {isa = PBXBuildFile; fileRef = 1C5E1E3F1AA4EF278F088E19 /* Pods_MoviesWithCombineTests.framework */; };
		9A0C20E829A4D07A0030CE94 /* AppDelegate.swift in Sources */ = {isa = PBXBuildFile; fileRef = 9A0C20E729A4D07A0030CE94 /* AppDelegate.swift */; };
		9A0C20EA29A4D07A0030CE94 /* SceneDelegate.swift in Sources */ = {isa = PBXBuildFile; fileRef = 9A0C20E929A4D07A0030CE94 /* SceneDelegate.swift */; };
		9A0C20F129A4D07D0030CE94 /* Assets.xcassets in Resources */ = {isa = PBXBuildFile; fileRef = 9A0C20F029A4D07D0030CE94 /* Assets.xcassets */; };
		9A0C20F429A4D07D0030CE94 /* LaunchScreen.storyboard in Resources */ = {isa = PBXBuildFile; fileRef = 9A0C20F229A4D07D0030CE94 /* LaunchScreen.storyboard */; };
		9A0C20FF29A4D07D0030CE94 /* MoviesWithCombineTests.swift in Sources */ = {isa = PBXBuildFile; fileRef = 9A0C20FE29A4D07D0030CE94 /* MoviesWithCombineTests.swift */; };
		9A0C210929A4D07E0030CE94 /* MoviesWithCombineUITests.swift in Sources */ = {isa = PBXBuildFile; fileRef = 9A0C210829A4D07E0030CE94 /* MoviesWithCombineUITests.swift */; };
		9A0C210B29A4D07E0030CE94 /* MoviesWithCombineUITestsLaunchTests.swift in Sources */ = {isa = PBXBuildFile; fileRef = 9A0C210A29A4D07E0030CE94 /* MoviesWithCombineUITestsLaunchTests.swift */; };
		9A83F43429A4FCC800EF797E /* ReachabilityContract.swift in Sources */ = {isa = PBXBuildFile; fileRef = 9A83F43329A4FCC800EF797E /* ReachabilityContract.swift */; };
		9A83F43829A4FD5000EF797E /* ReachabilityManager.swift in Sources */ = {isa = PBXBuildFile; fileRef = 9A83F43729A4FD5000EF797E /* ReachabilityManager.swift */; };
		9A83F43A29A4FD9F00EF797E /* BaseViewController.swift in Sources */ = {isa = PBXBuildFile; fileRef = 9A83F43929A4FD9F00EF797E /* BaseViewController.swift */; };
		9A83F43D29A4FE0300EF797E /* DisposeObject.swift in Sources */ = {isa = PBXBuildFile; fileRef = 9A83F43C29A4FE0300EF797E /* DisposeObject.swift */; };
		9A83F44029A4FF8500EF797E /* GaneralConstants.swift in Sources */ = {isa = PBXBuildFile; fileRef = 9A83F43F29A4FF8500EF797E /* GaneralConstants.swift */; };
		9A83F44329A5010700EF797E /* AsyncImageView.swift in Sources */ = {isa = PBXBuildFile; fileRef = 9A83F44229A5010700EF797E /* AsyncImageView.swift */; };
		9A83F44629A5017E00EF797E /* AlertItem.swift in Sources */ = {isa = PBXBuildFile; fileRef = 9A83F44529A5017E00EF797E /* AlertItem.swift */; };
		9A83F44829A501BB00EF797E /* AlertAction.swift in Sources */ = {isa = PBXBuildFile; fileRef = 9A83F44729A501BB00EF797E /* AlertAction.swift */; };
		9A83F45029A5022600EF797E /* ProgressHUDAnimationType.swift in Sources */ = {isa = PBXBuildFile; fileRef = 9A83F44A29A5022500EF797E /* ProgressHUDAnimationType.swift */; };
		9A83F45129A5022600EF797E /* ProgressView.swift in Sources */ = {isa = PBXBuildFile; fileRef = 9A83F44B29A5022500EF797E /* ProgressView.swift */; };
		9A83F45229A5022600EF797E /* ProgressHUDAlertIcon.swift in Sources */ = {isa = PBXBuildFile; fileRef = 9A83F44C29A5022500EF797E /* ProgressHUDAlertIcon.swift */; };
		9A83F45329A5022600EF797E /* ProgressHUDAnimatedIcon.swift in Sources */ = {isa = PBXBuildFile; fileRef = 9A83F44D29A5022600EF797E /* ProgressHUDAnimatedIcon.swift */; };
		9A83F45429A5022600EF797E /* ProgressDisplayer.swift in Sources */ = {isa = PBXBuildFile; fileRef = 9A83F44E29A5022600EF797E /* ProgressDisplayer.swift */; };
		9A83F45529A5022600EF797E /* ProgressHUD.swift in Sources */ = {isa = PBXBuildFile; fileRef = 9A83F44F29A5022600EF797E /* ProgressHUD.swift */; };
		9A83F46229A5063400EF797E /* BaseError.swift in Sources */ = {isa = PBXBuildFile; fileRef = 9A83F45C29A5063200EF797E /* BaseError.swift */; };
		9A83F46329A5063400EF797E /* ErrorConstant.swift in Sources */ = {isa = PBXBuildFile; fileRef = 9A83F45D29A5063200EF797E /* ErrorConstant.swift */; };
		9A83F46429A5063400EF797E /* ErrorType.swift in Sources */ = {isa = PBXBuildFile; fileRef = 9A83F45E29A5063200EF797E /* ErrorType.swift */; };
		9A83F46529A5063400EF797E /* ErrorResolver.swift in Sources */ = {isa = PBXBuildFile; fileRef = 9A83F45F29A5063300EF797E /* ErrorResolver.swift */; };
		9A83F46629A5063400EF797E /* ErrorType+Code.swift in Sources */ = {isa = PBXBuildFile; fileRef = 9A83F46029A5063300EF797E /* ErrorType+Code.swift */; };
		9A83F46729A5063400EF797E /* ErrorType+Message.swift in Sources */ = {isa = PBXBuildFile; fileRef = 9A83F46129A5063300EF797E /* ErrorType+Message.swift */; };
		9A83F46E29A506FE00EF797E /* BaseViewModel.swift in Sources */ = {isa = PBXBuildFile; fileRef = 9A83F46D29A506FE00EF797E /* BaseViewModel.swift */; };
		9A83F47029A5073300EF797E /* ViewModelState.swift in Sources */ = {isa = PBXBuildFile; fileRef = 9A83F46F29A5073300EF797E /* ViewModelState.swift */; };
		9A83F47329A5080C00EF797E /* EnvironmentManager.swift in Sources */ = {isa = PBXBuildFile; fileRef = 9A83F47229A5080C00EF797E /* EnvironmentManager.swift */; };
		9A83F47629A509C400EF797E /* APIServiceContract.swift in Sources */ = {isa = PBXBuildFile; fileRef = 9A83F47529A509C400EF797E /* APIServiceContract.swift */; };
		9A83F47829A50DF200EF797E /* APIService.swift in Sources */ = {isa = PBXBuildFile; fileRef = 9A83F47729A50DF200EF797E /* APIService.swift */; };
		9A83F47B29A5161000EF797E /* NetworkConstants.swift in Sources */ = {isa = PBXBuildFile; fileRef = 9A83F47A29A5161000EF797E /* NetworkConstants.swift */; };
		9A83F47D29A5164C00EF797E /* ConstantAPI.swift in Sources */ = {isa = PBXBuildFile; fileRef = 9A83F47C29A5164C00EF797E /* ConstantAPI.swift */; };
		9A83F47F29A5169000EF797E /* NetworkContentType.swift in Sources */ = {isa = PBXBuildFile; fileRef = 9A83F47E29A5169000EF797E /* NetworkContentType.swift */; };
		9A83F48129A516C000EF797E /* NetworkHeaders.swift in Sources */ = {isa = PBXBuildFile; fileRef = 9A83F48029A516C000EF797E /* NetworkHeaders.swift */; };
		9A83F48329A516DA00EF797E /* NetworkMethods.swift in Sources */ = {isa = PBXBuildFile; fileRef = 9A83F48229A516DA00EF797E /* NetworkMethods.swift */; };
		9A83F48529A516FF00EF797E /* NetworkParameters.swift in Sources */ = {isa = PBXBuildFile; fileRef = 9A83F48429A516FF00EF797E /* NetworkParameters.swift */; };
		9A83F48829A517C300EF797E /* Constants.swift in Sources */ = {isa = PBXBuildFile; fileRef = 9A83F48729A517C300EF797E /* Constants.swift */; };
		9A83F48C29A5195800EF797E /* APIBuilder.swift in Sources */ = {isa = PBXBuildFile; fileRef = 9A83F48B29A5195800EF797E /* APIBuilder.swift */; };
		9A83F48F29A52B0200EF797E /* APpCoordinator.swift in Sources */ = {isa = PBXBuildFile; fileRef = 9A83F48E29A52B0200EF797E /* APpCoordinator.swift */; };
		9AFB7E6829A4F170007989F6 /* MovieListViewController.swift in Sources */ = {isa = PBXBuildFile; fileRef = 9AFB7E6629A4F170007989F6 /* MovieListViewController.swift */; };
		9AFB7E6929A4F170007989F6 /* MovieListViewController.xib in Resources */ = {isa = PBXBuildFile; fileRef = 9AFB7E6729A4F170007989F6 /* MovieListViewController.xib */; };
		9AFB7E9129A4F788007989F6 /* Ex+UIFont+Helpers.swift in Sources */ = {isa = PBXBuildFile; fileRef = 9AFB7E8629A4F785007989F6 /* Ex+UIFont+Helpers.swift */; };
		9AFB7E9229A4F788007989F6 /* Ex+UIView+Helpers.swift in Sources */ = {isa = PBXBuildFile; fileRef = 9AFB7E8729A4F786007989F6 /* Ex+UIView+Helpers.swift */; };
		9AFB7E9329A4F788007989F6 /* Ex+UIViewController.swift in Sources */ = {isa = PBXBuildFile; fileRef = 9AFB7E8829A4F786007989F6 /* Ex+UIViewController.swift */; };
		9AFB7E9429A4F788007989F6 /* Extension+Publisher.swift in Sources */ = {isa = PBXBuildFile; fileRef = 9AFB7E8929A4F786007989F6 /* Extension+Publisher.swift */; };
		9AFB7E9529A4F788007989F6 /* Ex+Dictionary+Helpers.swift in Sources */ = {isa = PBXBuildFile; fileRef = 9AFB7E8A29A4F786007989F6 /* Ex+Dictionary+Helpers.swift */; };
		9AFB7E9629A4F788007989F6 /* Ex+Optional+Helpers.swift in Sources */ = {isa = PBXBuildFile; fileRef = 9AFB7E8B29A4F787007989F6 /* Ex+Optional+Helpers.swift */; };
		9AFB7E9729A4F788007989F6 /* Ex+CollectionView+Helpers.swift in Sources */ = {isa = PBXBuildFile; fileRef = 9AFB7E8C29A4F787007989F6 /* Ex+CollectionView+Helpers.swift */; };
		9AFB7E9829A4F788007989F6 /* Ex+String+Helpers.swift in Sources */ = {isa = PBXBuildFile; fileRef = 9AFB7E8D29A4F787007989F6 /* Ex+String+Helpers.swift */; };
		9AFB7E9929A4F788007989F6 /* Ex+Navigation+Helpers.swift in Sources */ = {isa = PBXBuildFile; fileRef = 9AFB7E8E29A4F787007989F6 /* Ex+Navigation+Helpers.swift */; };
		9AFB7E9A29A4F788007989F6 /* Ex+NSObject+Helpers.swift in Sources */ = {isa = PBXBuildFile; fileRef = 9AFB7E8F29A4F788007989F6 /* Ex+NSObject+Helpers.swift */; };
		9AFB7E9B29A4F788007989F6 /* Ex+UIColor+Helpers.swift in Sources */ = {isa = PBXBuildFile; fileRef = 9AFB7E9029A4F788007989F6 /* Ex+UIColor+Helpers.swift */; };
/* End PBXBuildFile section */

/* Begin PBXContainerItemProxy section */
		9A0C20FB29A4D07D0030CE94 /* PBXContainerItemProxy */ = {
			isa = PBXContainerItemProxy;
			containerPortal = 9A0C20DC29A4D0790030CE94 /* Project object */;
			proxyType = 1;
			remoteGlobalIDString = 9A0C20E329A4D0790030CE94;
			remoteInfo = MoviesWithCombine;
		};
		9A0C210529A4D07E0030CE94 /* PBXContainerItemProxy */ = {
			isa = PBXContainerItemProxy;
			containerPortal = 9A0C20DC29A4D0790030CE94 /* Project object */;
			proxyType = 1;
			remoteGlobalIDString = 9A0C20E329A4D0790030CE94;
			remoteInfo = MoviesWithCombine;
		};
/* End PBXContainerItemProxy section */

/* Begin PBXFileReference section */
		01699BF97DE462883B10C440 /* Pods-MoviesWithCombine.debug.xcconfig */ = {isa = PBXFileReference; includeInIndex = 1; lastKnownFileType = text.xcconfig; name = "Pods-MoviesWithCombine.debug.xcconfig"; path = "Target Support Files/Pods-MoviesWithCombine/Pods-MoviesWithCombine.debug.xcconfig"; sourceTree = "<group>"; };
		1C5E1E3F1AA4EF278F088E19 /* Pods_MoviesWithCombineTests.framework */ = {isa = PBXFileReference; explicitFileType = wrapper.framework; includeInIndex = 0; path = Pods_MoviesWithCombineTests.framework; sourceTree = BUILT_PRODUCTS_DIR; };
		284668F28BB53643AC84C383 /* Pods-MoviesWithCombine-MoviesWithCombineUITests.debug.xcconfig */ = {isa = PBXFileReference; includeInIndex = 1; lastKnownFileType = text.xcconfig; name = "Pods-MoviesWithCombine-MoviesWithCombineUITests.debug.xcconfig"; path = "Target Support Files/Pods-MoviesWithCombine-MoviesWithCombineUITests/Pods-MoviesWithCombine-MoviesWithCombineUITests.debug.xcconfig"; sourceTree = "<group>"; };
		5A3E6787AA230C2FF2366791 /* Pods-MoviesWithCombineTests.release.xcconfig */ = {isa = PBXFileReference; includeInIndex = 1; lastKnownFileType = text.xcconfig; name = "Pods-MoviesWithCombineTests.release.xcconfig"; path = "Target Support Files/Pods-MoviesWithCombineTests/Pods-MoviesWithCombineTests.release.xcconfig"; sourceTree = "<group>"; };
		5FD513417A10B3EB4B81D87F /* Pods-MoviesWithCombine-MoviesWithCombineUITests.release.xcconfig */ = {isa = PBXFileReference; includeInIndex = 1; lastKnownFileType = text.xcconfig; name = "Pods-MoviesWithCombine-MoviesWithCombineUITests.release.xcconfig"; path = "Target Support Files/Pods-MoviesWithCombine-MoviesWithCombineUITests/Pods-MoviesWithCombine-MoviesWithCombineUITests.release.xcconfig"; sourceTree = "<group>"; };
		63E209DDDB48E42D890A1BF7 /* Pods-MoviesWithCombineTests.debug.xcconfig */ = {isa = PBXFileReference; includeInIndex = 1; lastKnownFileType = text.xcconfig; name = "Pods-MoviesWithCombineTests.debug.xcconfig"; path = "Target Support Files/Pods-MoviesWithCombineTests/Pods-MoviesWithCombineTests.debug.xcconfig"; sourceTree = "<group>"; };
		6A6920CE06C982F94152FD8C /* Pods_MoviesWithCombine_MoviesWithCombineUITests.framework */ = {isa = PBXFileReference; explicitFileType = wrapper.framework; includeInIndex = 0; path = Pods_MoviesWithCombine_MoviesWithCombineUITests.framework; sourceTree = BUILT_PRODUCTS_DIR; };
		9A0C20E429A4D0790030CE94 /* MoviesWithCombine.app */ = {isa = PBXFileReference; explicitFileType = wrapper.application; includeInIndex = 0; path = MoviesWithCombine.app; sourceTree = BUILT_PRODUCTS_DIR; };
		9A0C20E729A4D07A0030CE94 /* AppDelegate.swift */ = {isa = PBXFileReference; lastKnownFileType = sourcecode.swift; path = AppDelegate.swift; sourceTree = "<group>"; };
		9A0C20E929A4D07A0030CE94 /* SceneDelegate.swift */ = {isa = PBXFileReference; lastKnownFileType = sourcecode.swift; path = SceneDelegate.swift; sourceTree = "<group>"; };
		9A0C20F029A4D07D0030CE94 /* Assets.xcassets */ = {isa = PBXFileReference; lastKnownFileType = folder.assetcatalog; path = Assets.xcassets; sourceTree = "<group>"; };
		9A0C20F329A4D07D0030CE94 /* Base */ = {isa = PBXFileReference; lastKnownFileType = file.storyboard; name = Base; path = Base.lproj/LaunchScreen.storyboard; sourceTree = "<group>"; };
		9A0C20F529A4D07D0030CE94 /* Info.plist */ = {isa = PBXFileReference; lastKnownFileType = text.plist.xml; path = Info.plist; sourceTree = "<group>"; };
		9A0C20FA29A4D07D0030CE94 /* MoviesWithCombineTests.xctest */ = {isa = PBXFileReference; explicitFileType = wrapper.cfbundle; includeInIndex = 0; path = MoviesWithCombineTests.xctest; sourceTree = BUILT_PRODUCTS_DIR; };
		9A0C20FE29A4D07D0030CE94 /* MoviesWithCombineTests.swift */ = {isa = PBXFileReference; lastKnownFileType = sourcecode.swift; path = MoviesWithCombineTests.swift; sourceTree = "<group>"; };
		9A0C210429A4D07E0030CE94 /* MoviesWithCombineUITests.xctest */ = {isa = PBXFileReference; explicitFileType = wrapper.cfbundle; includeInIndex = 0; path = MoviesWithCombineUITests.xctest; sourceTree = BUILT_PRODUCTS_DIR; };
		9A0C210829A4D07E0030CE94 /* MoviesWithCombineUITests.swift */ = {isa = PBXFileReference; lastKnownFileType = sourcecode.swift; path = MoviesWithCombineUITests.swift; sourceTree = "<group>"; };
		9A0C210A29A4D07E0030CE94 /* MoviesWithCombineUITestsLaunchTests.swift */ = {isa = PBXFileReference; lastKnownFileType = sourcecode.swift; path = MoviesWithCombineUITestsLaunchTests.swift; sourceTree = "<group>"; };
		9A83F43329A4FCC800EF797E /* ReachabilityContract.swift */ = {isa = PBXFileReference; lastKnownFileType = sourcecode.swift; path = ReachabilityContract.swift; sourceTree = "<group>"; };
		9A83F43729A4FD5000EF797E /* ReachabilityManager.swift */ = {isa = PBXFileReference; lastKnownFileType = sourcecode.swift; path = ReachabilityManager.swift; sourceTree = "<group>"; };
		9A83F43929A4FD9F00EF797E /* BaseViewController.swift */ = {isa = PBXFileReference; lastKnownFileType = sourcecode.swift; path = BaseViewController.swift; sourceTree = "<group>"; };
		9A83F43C29A4FE0300EF797E /* DisposeObject.swift */ = {isa = PBXFileReference; lastKnownFileType = sourcecode.swift; path = DisposeObject.swift; sourceTree = "<group>"; };
		9A83F43F29A4FF8500EF797E /* GaneralConstants.swift */ = {isa = PBXFileReference; lastKnownFileType = sourcecode.swift; path = GaneralConstants.swift; sourceTree = "<group>"; };
		9A83F44229A5010700EF797E /* AsyncImageView.swift */ = {isa = PBXFileReference; lastKnownFileType = sourcecode.swift; path = AsyncImageView.swift; sourceTree = "<group>"; };
		9A83F44529A5017E00EF797E /* AlertItem.swift */ = {isa = PBXFileReference; lastKnownFileType = sourcecode.swift; path = AlertItem.swift; sourceTree = "<group>"; };
		9A83F44729A501BB00EF797E /* AlertAction.swift */ = {isa = PBXFileReference; lastKnownFileType = sourcecode.swift; path = AlertAction.swift; sourceTree = "<group>"; };
		9A83F44A29A5022500EF797E /* ProgressHUDAnimationType.swift */ = {isa = PBXFileReference; fileEncoding = 4; lastKnownFileType = sourcecode.swift; path = ProgressHUDAnimationType.swift; sourceTree = "<group>"; };
		9A83F44B29A5022500EF797E /* ProgressView.swift */ = {isa = PBXFileReference; fileEncoding = 4; lastKnownFileType = sourcecode.swift; path = ProgressView.swift; sourceTree = "<group>"; };
		9A83F44C29A5022500EF797E /* ProgressHUDAlertIcon.swift */ = {isa = PBXFileReference; fileEncoding = 4; lastKnownFileType = sourcecode.swift; path = ProgressHUDAlertIcon.swift; sourceTree = "<group>"; };
		9A83F44D29A5022600EF797E /* ProgressHUDAnimatedIcon.swift */ = {isa = PBXFileReference; fileEncoding = 4; lastKnownFileType = sourcecode.swift; path = ProgressHUDAnimatedIcon.swift; sourceTree = "<group>"; };
		9A83F44E29A5022600EF797E /* ProgressDisplayer.swift */ = {isa = PBXFileReference; fileEncoding = 4; lastKnownFileType = sourcecode.swift; path = ProgressDisplayer.swift; sourceTree = "<group>"; };
		9A83F44F29A5022600EF797E /* ProgressHUD.swift */ = {isa = PBXFileReference; fileEncoding = 4; lastKnownFileType = sourcecode.swift; path = ProgressHUD.swift; sourceTree = "<group>"; };
		9A83F45C29A5063200EF797E /* BaseError.swift */ = {isa = PBXFileReference; fileEncoding = 4; lastKnownFileType = sourcecode.swift; path = BaseError.swift; sourceTree = "<group>"; };
		9A83F45D29A5063200EF797E /* ErrorConstant.swift */ = {isa = PBXFileReference; fileEncoding = 4; lastKnownFileType = sourcecode.swift; path = ErrorConstant.swift; sourceTree = "<group>"; };
		9A83F45E29A5063200EF797E /* ErrorType.swift */ = {isa = PBXFileReference; fileEncoding = 4; lastKnownFileType = sourcecode.swift; path = ErrorType.swift; sourceTree = "<group>"; };
		9A83F45F29A5063300EF797E /* ErrorResolver.swift */ = {isa = PBXFileReference; fileEncoding = 4; lastKnownFileType = sourcecode.swift; path = ErrorResolver.swift; sourceTree = "<group>"; };
		9A83F46029A5063300EF797E /* ErrorType+Code.swift */ = {isa = PBXFileReference; fileEncoding = 4; lastKnownFileType = sourcecode.swift; path = "ErrorType+Code.swift"; sourceTree = "<group>"; };
		9A83F46129A5063300EF797E /* ErrorType+Message.swift */ = {isa = PBXFileReference; fileEncoding = 4; lastKnownFileType = sourcecode.swift; path = "ErrorType+Message.swift"; sourceTree = "<group>"; };
		9A83F46D29A506FE00EF797E /* BaseViewModel.swift */ = {isa = PBXFileReference; lastKnownFileType = sourcecode.swift; path = BaseViewModel.swift; sourceTree = "<group>"; };
		9A83F46F29A5073300EF797E /* ViewModelState.swift */ = {isa = PBXFileReference; lastKnownFileType = sourcecode.swift; path = ViewModelState.swift; sourceTree = "<group>"; };
		9A83F47229A5080C00EF797E /* EnvironmentManager.swift */ = {isa = PBXFileReference; lastKnownFileType = sourcecode.swift; path = EnvironmentManager.swift; sourceTree = "<group>"; };
		9A83F47529A509C400EF797E /* APIServiceContract.swift */ = {isa = PBXFileReference; lastKnownFileType = sourcecode.swift; path = APIServiceContract.swift; sourceTree = "<group>"; };
		9A83F47729A50DF200EF797E /* APIService.swift */ = {isa = PBXFileReference; lastKnownFileType = sourcecode.swift; path = APIService.swift; sourceTree = "<group>"; };
		9A83F47A29A5161000EF797E /* NetworkConstants.swift */ = {isa = PBXFileReference; lastKnownFileType = sourcecode.swift; path = NetworkConstants.swift; sourceTree = "<group>"; };
		9A83F47C29A5164C00EF797E /* ConstantAPI.swift */ = {isa = PBXFileReference; lastKnownFileType = sourcecode.swift; path = ConstantAPI.swift; sourceTree = "<group>"; };
		9A83F47E29A5169000EF797E /* NetworkContentType.swift */ = {isa = PBXFileReference; lastKnownFileType = sourcecode.swift; path = NetworkContentType.swift; sourceTree = "<group>"; };
		9A83F48029A516C000EF797E /* NetworkHeaders.swift */ = {isa = PBXFileReference; lastKnownFileType = sourcecode.swift; path = NetworkHeaders.swift; sourceTree = "<group>"; };
		9A83F48229A516DA00EF797E /* NetworkMethods.swift */ = {isa = PBXFileReference; lastKnownFileType = sourcecode.swift; path = NetworkMethods.swift; sourceTree = "<group>"; };
		9A83F48429A516FF00EF797E /* NetworkParameters.swift */ = {isa = PBXFileReference; lastKnownFileType = sourcecode.swift; path = NetworkParameters.swift; sourceTree = "<group>"; };
		9A83F48729A517C300EF797E /* Constants.swift */ = {isa = PBXFileReference; lastKnownFileType = sourcecode.swift; path = Constants.swift; sourceTree = "<group>"; };
		9A83F48B29A5195800EF797E /* APIBuilder.swift */ = {isa = PBXFileReference; lastKnownFileType = sourcecode.swift; path = APIBuilder.swift; sourceTree = "<group>"; };
		9A83F48E29A52B0200EF797E /* APpCoordinator.swift */ = {isa = PBXFileReference; lastKnownFileType = sourcecode.swift; path = APpCoordinator.swift; sourceTree = "<group>"; };
		9AFB7E6629A4F170007989F6 /* MovieListViewController.swift */ = {isa = PBXFileReference; lastKnownFileType = sourcecode.swift; path = MovieListViewController.swift; sourceTree = "<group>"; };
		9AFB7E6729A4F170007989F6 /* MovieListViewController.xib */ = {isa = PBXFileReference; lastKnownFileType = file.xib; path = MovieListViewController.xib; sourceTree = "<group>"; };
		9AFB7E8629A4F785007989F6 /* Ex+UIFont+Helpers.swift */ = {isa = PBXFileReference; fileEncoding = 4; lastKnownFileType = sourcecode.swift; path = "Ex+UIFont+Helpers.swift"; sourceTree = "<group>"; };
		9AFB7E8729A4F786007989F6 /* Ex+UIView+Helpers.swift */ = {isa = PBXFileReference; fileEncoding = 4; lastKnownFileType = sourcecode.swift; path = "Ex+UIView+Helpers.swift"; sourceTree = "<group>"; };
		9AFB7E8829A4F786007989F6 /* Ex+UIViewController.swift */ = {isa = PBXFileReference; fileEncoding = 4; lastKnownFileType = sourcecode.swift; path = "Ex+UIViewController.swift"; sourceTree = "<group>"; };
		9AFB7E8929A4F786007989F6 /* Extension+Publisher.swift */ = {isa = PBXFileReference; fileEncoding = 4; lastKnownFileType = sourcecode.swift; path = "Extension+Publisher.swift"; sourceTree = "<group>"; };
		9AFB7E8A29A4F786007989F6 /* Ex+Dictionary+Helpers.swift */ = {isa = PBXFileReference; fileEncoding = 4; lastKnownFileType = sourcecode.swift; path = "Ex+Dictionary+Helpers.swift"; sourceTree = "<group>"; };
		9AFB7E8B29A4F787007989F6 /* Ex+Optional+Helpers.swift */ = {isa = PBXFileReference; fileEncoding = 4; lastKnownFileType = sourcecode.swift; path = "Ex+Optional+Helpers.swift"; sourceTree = "<group>"; };
		9AFB7E8C29A4F787007989F6 /* Ex+CollectionView+Helpers.swift */ = {isa = PBXFileReference; fileEncoding = 4; lastKnownFileType = sourcecode.swift; path = "Ex+CollectionView+Helpers.swift"; sourceTree = "<group>"; };
		9AFB7E8D29A4F787007989F6 /* Ex+String+Helpers.swift */ = {isa = PBXFileReference; fileEncoding = 4; lastKnownFileType = sourcecode.swift; path = "Ex+String+Helpers.swift"; sourceTree = "<group>"; };
		9AFB7E8E29A4F787007989F6 /* Ex+Navigation+Helpers.swift */ = {isa = PBXFileReference; fileEncoding = 4; lastKnownFileType = sourcecode.swift; path = "Ex+Navigation+Helpers.swift"; sourceTree = "<group>"; };
		9AFB7E8F29A4F788007989F6 /* Ex+NSObject+Helpers.swift */ = {isa = PBXFileReference; fileEncoding = 4; lastKnownFileType = sourcecode.swift; path = "Ex+NSObject+Helpers.swift"; sourceTree = "<group>"; };
		9AFB7E9029A4F788007989F6 /* Ex+UIColor+Helpers.swift */ = {isa = PBXFileReference; fileEncoding = 4; lastKnownFileType = sourcecode.swift; path = "Ex+UIColor+Helpers.swift"; sourceTree = "<group>"; };
		E4C75480A1BAC0050A1D01C6 /* Pods_MoviesWithCombine.framework */ = {isa = PBXFileReference; explicitFileType = wrapper.framework; includeInIndex = 0; path = Pods_MoviesWithCombine.framework; sourceTree = BUILT_PRODUCTS_DIR; };
		FE3BA03D95F54521E240BB2B /* Pods-MoviesWithCombine.release.xcconfig */ = {isa = PBXFileReference; includeInIndex = 1; lastKnownFileType = text.xcconfig; name = "Pods-MoviesWithCombine.release.xcconfig"; path = "Target Support Files/Pods-MoviesWithCombine/Pods-MoviesWithCombine.release.xcconfig"; sourceTree = "<group>"; };
/* End PBXFileReference section */

/* Begin PBXFrameworksBuildPhase section */
		9A0C20E129A4D0790030CE94 /* Frameworks */ = {
			isa = PBXFrameworksBuildPhase;
			buildActionMask = 2147483647;
			files = (
				276B6F85EE86044418D787DF /* Pods_MoviesWithCombine.framework in Frameworks */,
			);
			runOnlyForDeploymentPostprocessing = 0;
		};
		9A0C20F729A4D07D0030CE94 /* Frameworks */ = {
			isa = PBXFrameworksBuildPhase;
			buildActionMask = 2147483647;
			files = (
				73F80F9ACE77FFE69DF04A56 /* Pods_MoviesWithCombineTests.framework in Frameworks */,
			);
			runOnlyForDeploymentPostprocessing = 0;
		};
		9A0C210129A4D07E0030CE94 /* Frameworks */ = {
			isa = PBXFrameworksBuildPhase;
			buildActionMask = 2147483647;
			files = (
				17F1178AE1A9452C78826E5C /* Pods_MoviesWithCombine_MoviesWithCombineUITests.framework in Frameworks */,
			);
			runOnlyForDeploymentPostprocessing = 0;
		};
/* End PBXFrameworksBuildPhase section */

/* Begin PBXGroup section */
		0AAC2CE0B1660D43E0A68101 /* Frameworks */ = {
			isa = PBXGroup;
			children = (
				E4C75480A1BAC0050A1D01C6 /* Pods_MoviesWithCombine.framework */,
				6A6920CE06C982F94152FD8C /* Pods_MoviesWithCombine_MoviesWithCombineUITests.framework */,
				1C5E1E3F1AA4EF278F088E19 /* Pods_MoviesWithCombineTests.framework */,
			);
			name = Frameworks;
			sourceTree = "<group>";
		};
		779BED0EE18B1DDBFB0D511D /* Pods */ = {
			isa = PBXGroup;
			children = (
				01699BF97DE462883B10C440 /* Pods-MoviesWithCombine.debug.xcconfig */,
				FE3BA03D95F54521E240BB2B /* Pods-MoviesWithCombine.release.xcconfig */,
				284668F28BB53643AC84C383 /* Pods-MoviesWithCombine-MoviesWithCombineUITests.debug.xcconfig */,
				5FD513417A10B3EB4B81D87F /* Pods-MoviesWithCombine-MoviesWithCombineUITests.release.xcconfig */,
				63E209DDDB48E42D890A1BF7 /* Pods-MoviesWithCombineTests.debug.xcconfig */,
				5A3E6787AA230C2FF2366791 /* Pods-MoviesWithCombineTests.release.xcconfig */,
			);
			path = Pods;
			sourceTree = "<group>";
		};
		9A0C20DB29A4D0790030CE94 = {
			isa = PBXGroup;
			children = (
				9A0C20E629A4D07A0030CE94 /* MoviesWithCombine */,
				9A0C20FD29A4D07D0030CE94 /* MoviesWithCombineTests */,
				9A0C210729A4D07E0030CE94 /* MoviesWithCombineUITests */,
				9A0C20E529A4D0790030CE94 /* Products */,
				779BED0EE18B1DDBFB0D511D /* Pods */,
				0AAC2CE0B1660D43E0A68101 /* Frameworks */,
			);
			sourceTree = "<group>";
		};
		9A0C20E529A4D0790030CE94 /* Products */ = {
			isa = PBXGroup;
			children = (
				9A0C20E429A4D0790030CE94 /* MoviesWithCombine.app */,
				9A0C20FA29A4D07D0030CE94 /* MoviesWithCombineTests.xctest */,
				9A0C210429A4D07E0030CE94 /* MoviesWithCombineUITests.xctest */,
			);
			name = Products;
			sourceTree = "<group>";
		};
		9A0C20E629A4D07A0030CE94 /* MoviesWithCombine */ = {
			isa = PBXGroup;
			children = (
				9A0C20F529A4D07D0030CE94 /* Info.plist */,
				9AFB7E6A29A4F3E7007989F6 /* Application */,
				9A83F43129A4F84100EF797E /* Extenstions */,
				9AFB7E6F29A4F560007989F6 /* Scenes */,
				9AFB7E6B29A4F3FA007989F6 /* Resources */,
				9A83F46C29A506BC00EF797E /* Managers */,
				9A83F43529A4FCEA00EF797E /* Utilites */,
				9A83F47929A50DFB00EF797E /* Networking */,
			);
			path = MoviesWithCombine;
			sourceTree = "<group>";
		};
		9A0C20FD29A4D07D0030CE94 /* MoviesWithCombineTests */ = {
			isa = PBXGroup;
			children = (
				9A0C20FE29A4D07D0030CE94 /* MoviesWithCombineTests.swift */,
			);
			path = MoviesWithCombineTests;
			sourceTree = "<group>";
		};
		9A0C210729A4D07E0030CE94 /* MoviesWithCombineUITests */ = {
			isa = PBXGroup;
			children = (
				9A0C210829A4D07E0030CE94 /* MoviesWithCombineUITests.swift */,
				9A0C210A29A4D07E0030CE94 /* MoviesWithCombineUITestsLaunchTests.swift */,
			);
			path = MoviesWithCombineUITests;
			sourceTree = "<group>";
		};
		9A83F43129A4F84100EF797E /* Extenstions */ = {
			isa = PBXGroup;
			children = (
				9AFB7E8C29A4F787007989F6 /* Ex+CollectionView+Helpers.swift */,
				9AFB7E8A29A4F786007989F6 /* Ex+Dictionary+Helpers.swift */,
				9AFB7E8E29A4F787007989F6 /* Ex+Navigation+Helpers.swift */,
				9AFB7E8F29A4F788007989F6 /* Ex+NSObject+Helpers.swift */,
				9AFB7E8B29A4F787007989F6 /* Ex+Optional+Helpers.swift */,
				9AFB7E8D29A4F787007989F6 /* Ex+String+Helpers.swift */,
				9AFB7E9029A4F788007989F6 /* Ex+UIColor+Helpers.swift */,
				9AFB7E8629A4F785007989F6 /* Ex+UIFont+Helpers.swift */,
				9AFB7E8729A4F786007989F6 /* Ex+UIView+Helpers.swift */,
				9AFB7E8829A4F786007989F6 /* Ex+UIViewController.swift */,
				9AFB7E8929A4F786007989F6 /* Extension+Publisher.swift */,
			);
			name = Extenstions;
			path = ..;
			sourceTree = "<group>";
		};
		9A83F43529A4FCEA00EF797E /* Utilites */ = {
			isa = PBXGroup;
			children = (
				9A83F43629A4FD0200EF797E /* Reachability */,
				9A83F43B29A4FDA900EF797E /* BaseViewController */,
				9A83F47129A5078600EF797E /* BaseViewModel */,
				9A83F43E29A4FE9200EF797E /* Dispose */,
				9A83F45A29A5030A00EF797E /* Reusable Components */,
			);
			path = Utilites;
			sourceTree = "<group>";
		};
		9A83F43629A4FD0200EF797E /* Reachability */ = {
			isa = PBXGroup;
			children = (
				9A83F43329A4FCC800EF797E /* ReachabilityContract.swift */,
				9A83F43729A4FD5000EF797E /* ReachabilityManager.swift */,
			);
			path = Reachability;
			sourceTree = "<group>";
		};
		9A83F43B29A4FDA900EF797E /* BaseViewController */ = {
			isa = PBXGroup;
			children = (
				9A83F43929A4FD9F00EF797E /* BaseViewController.swift */,
			);
			path = BaseViewController;
			sourceTree = "<group>";
		};
		9A83F43E29A4FE9200EF797E /* Dispose */ = {
			isa = PBXGroup;
			children = (
				9A83F43C29A4FE0300EF797E /* DisposeObject.swift */,
			);
			path = Dispose;
			sourceTree = "<group>";
		};
		9A83F44129A5003E00EF797E /* GaneralConstants */ = {
			isa = PBXGroup;
			children = (
				9A83F43F29A4FF8500EF797E /* GaneralConstants.swift */,
			);
			path = GaneralConstants;
			sourceTree = "<group>";
		};
		9A83F44429A5011F00EF797E /* imageView */ = {
			isa = PBXGroup;
			children = (
				9A83F44229A5010700EF797E /* AsyncImageView.swift */,
			);
			path = imageView;
			sourceTree = "<group>";
		};
		9A83F44929A501EE00EF797E /* Alert */ = {
			isa = PBXGroup;
			children = (
				9A83F44529A5017E00EF797E /* AlertItem.swift */,
				9A83F44729A501BB00EF797E /* AlertAction.swift */,
			);
			path = Alert;
			sourceTree = "<group>";
		};
		9A83F45629A5023500EF797E /* Loading Indicator */ = {
			isa = PBXGroup;
			children = (
				9A83F45729A5025100EF797E /* Displayer */,
				9A83F45829A5026C00EF797E /* View */,
				9A83F45929A5028400EF797E /* Helpers */,
			);
			path = "Loading Indicator";
			sourceTree = "<group>";
		};
		9A83F45729A5025100EF797E /* Displayer */ = {
			isa = PBXGroup;
			children = (
				9A83F44E29A5022600EF797E /* ProgressDisplayer.swift */,
			);
			path = Displayer;
			sourceTree = "<group>";
		};
		9A83F45829A5026C00EF797E /* View */ = {
			isa = PBXGroup;
			children = (
				9A83F44F29A5022600EF797E /* ProgressHUD.swift */,
				9A83F44B29A5022500EF797E /* ProgressView.swift */,
			);
			path = View;
			sourceTree = "<group>";
		};
		9A83F45929A5028400EF797E /* Helpers */ = {
			isa = PBXGroup;
			children = (
				9A83F44C29A5022500EF797E /* ProgressHUDAlertIcon.swift */,
				9A83F44D29A5022600EF797E /* ProgressHUDAnimatedIcon.swift */,
				9A83F44A29A5022500EF797E /* ProgressHUDAnimationType.swift */,
			);
			path = Helpers;
			sourceTree = "<group>";
		};
		9A83F45A29A5030A00EF797E /* Reusable Components */ = {
			isa = PBXGroup;
			children = (
				9A83F44929A501EE00EF797E /* Alert */,
				9A83F45B29A5035D00EF797E /* Views */,
				9A83F45629A5023500EF797E /* Loading Indicator */,
			);
			path = "Reusable Components";
			sourceTree = "<group>";
		};
		9A83F45B29A5035D00EF797E /* Views */ = {
			isa = PBXGroup;
			children = (
				9A83F44429A5011F00EF797E /* imageView */,
				9A83F44129A5003E00EF797E /* GaneralConstants */,
			);
			path = Views;
			sourceTree = "<group>";
		};
		9A83F46829A5065500EF797E /* ErrorManager */ = {
			isa = PBXGroup;
			children = (
				9A83F46929A5067400EF797E /* Entities */,
				9A83F46A29A5068300EF797E /* Helper */,
				9A83F46B29A5069C00EF797E /* ErrorTypes */,
			);
			path = ErrorManager;
			sourceTree = "<group>";
		};
		9A83F46929A5067400EF797E /* Entities */ = {
			isa = PBXGroup;
			children = (
				9A83F45C29A5063200EF797E /* BaseError.swift */,
				9A83F45D29A5063200EF797E /* ErrorConstant.swift */,
			);
			path = Entities;
			sourceTree = "<group>";
		};
		9A83F46A29A5068300EF797E /* Helper */ = {
			isa = PBXGroup;
			children = (
				9A83F45F29A5063300EF797E /* ErrorResolver.swift */,
			);
			path = Helper;
			sourceTree = "<group>";
		};
		9A83F46B29A5069C00EF797E /* ErrorTypes */ = {
			isa = PBXGroup;
			children = (
				9A83F45E29A5063200EF797E /* ErrorType.swift */,
				9A83F46029A5063300EF797E /* ErrorType+Code.swift */,
				9A83F46129A5063300EF797E /* ErrorType+Message.swift */,
			);
			path = ErrorTypes;
			sourceTree = "<group>";
		};
		9A83F46C29A506BC00EF797E /* Managers */ = {
			isa = PBXGroup;
			children = (
				9A83F46829A5065500EF797E /* ErrorManager */,
				9A83F47429A5082C00EF797E /* Enviroment */,
			);
			path = Managers;
			sourceTree = "<group>";
		};
		9A83F47129A5078600EF797E /* BaseViewModel */ = {
			isa = PBXGroup;
			children = (
				9A83F46D29A506FE00EF797E /* BaseViewModel.swift */,
				9A83F46F29A5073300EF797E /* ViewModelState.swift */,
			);
			path = BaseViewModel;
			sourceTree = "<group>";
		};
		9A83F47429A5082C00EF797E /* Enviroment */ = {
			isa = PBXGroup;
			children = (
				9A83F47229A5080C00EF797E /* EnvironmentManager.swift */,
			);
			path = Enviroment;
			sourceTree = "<group>";
		};
		9A83F47929A50DFB00EF797E /* Networking */ = {
			isa = PBXGroup;
			children = (
				9A83F48629A5177100EF797E /* APIService */,
				9A83F48D29A519A700EF797E /* Builder */,
				9A83F48929A517F700EF797E /* ConstantsAPI */,
				9A83F48A29A5181F00EF797E /* NetworkConstants */,
			);
			path = Networking;
			sourceTree = "<group>";
		};
		9A83F48629A5177100EF797E /* APIService */ = {
			isa = PBXGroup;
			children = (
				9A83F47529A509C400EF797E /* APIServiceContract.swift */,
				9A83F47729A50DF200EF797E /* APIService.swift */,
			);
			path = APIService;
			sourceTree = "<group>";
		};
		9A83F48929A517F700EF797E /* ConstantsAPI */ = {
			isa = PBXGroup;
			children = (
				9A83F47A29A5161000EF797E /* NetworkConstants.swift */,
				9A83F48729A517C300EF797E /* Constants.swift */,
				9A83F47C29A5164C00EF797E /* ConstantAPI.swift */,
			);
			path = ConstantsAPI;
			sourceTree = "<group>";
		};
		9A83F48A29A5181F00EF797E /* NetworkConstants */ = {
			isa = PBXGroup;
			children = (
				9A83F47E29A5169000EF797E /* NetworkContentType.swift */,
				9A83F48029A516C000EF797E /* NetworkHeaders.swift */,
				9A83F48229A516DA00EF797E /* NetworkMethods.swift */,
				9A83F48429A516FF00EF797E /* NetworkParameters.swift */,
			);
			path = NetworkConstants;
			sourceTree = "<group>";
		};
		9A83F48D29A519A700EF797E /* Builder */ = {
			isa = PBXGroup;
			children = (
				9A83F48B29A5195800EF797E /* APIBuilder.swift */,
			);
			path = Builder;
			sourceTree = "<group>";
		};
		9AFB7E6A29A4F3E7007989F6 /* Application */ = {
			isa = PBXGroup;
			children = (
				9A0C20E729A4D07A0030CE94 /* AppDelegate.swift */,
				9A0C20E929A4D07A0030CE94 /* SceneDelegate.swift */,
				9A83F48E29A52B0200EF797E /* APpCoordinator.swift */,
			);
			path = Application;
			sourceTree = "<group>";
		};
		9AFB7E6B29A4F3FA007989F6 /* Resources */ = {
			isa = PBXGroup;
			children = (
				9A0C20F029A4D07D0030CE94 /* Assets.xcassets */,
				9A0C20F229A4D07D0030CE94 /* LaunchScreen.storyboard */,
			);
			path = Resources;
			sourceTree = "<group>";
		};
		9AFB7E6D29A4F444007989F6 /* MovieListViewController */ = {
			isa = PBXGroup;
			children = (
				9AFB7E6629A4F170007989F6 /* MovieListViewController.swift */,
				9AFB7E6729A4F170007989F6 /* MovieListViewController.xib */,
			);
			path = MovieListViewController;
			sourceTree = "<group>";
		};
		9AFB7E6E29A4F54E007989F6 /* MovieListScreen */ = {
			isa = PBXGroup;
			children = (
				9AFB7E6D29A4F444007989F6 /* MovieListViewController */,
			);
			path = MovieListScreen;
			sourceTree = "<group>";
		};
		9AFB7E6F29A4F560007989F6 /* Scenes */ = {
			isa = PBXGroup;
			children = (
				9AFB7E6E29A4F54E007989F6 /* MovieListScreen */,
			);
			path = Scenes;
			sourceTree = "<group>";
		};
/* End PBXGroup section */

/* Begin PBXNativeTarget section */
		9A0C20E329A4D0790030CE94 /* MoviesWithCombine */ = {
			isa = PBXNativeTarget;
			buildConfigurationList = 9A0C210E29A4D07E0030CE94 /* Build configuration list for PBXNativeTarget "MoviesWithCombine" */;
			buildPhases = (
				20D80EF7B25E07DFF064D960 /* [CP] Check Pods Manifest.lock */,
				9A0C20E029A4D0790030CE94 /* Sources */,
				9A0C20E129A4D0790030CE94 /* Frameworks */,
				9A0C20E229A4D0790030CE94 /* Resources */,
				6FA1DF0982ED5B39E3AD6895 /* [CP] Embed Pods Frameworks */,
			);
			buildRules = (
			);
			dependencies = (
			);
			name = MoviesWithCombine;
			productName = MoviesWithCombine;
			productReference = 9A0C20E429A4D0790030CE94 /* MoviesWithCombine.app */;
			productType = "com.apple.product-type.application";
		};
		9A0C20F929A4D07D0030CE94 /* MoviesWithCombineTests */ = {
			isa = PBXNativeTarget;
			buildConfigurationList = 9A0C211129A4D07E0030CE94 /* Build configuration list for PBXNativeTarget "MoviesWithCombineTests" */;
			buildPhases = (
				DA4A2666F80229ACD2645BF0 /* [CP] Check Pods Manifest.lock */,
				9A0C20F629A4D07D0030CE94 /* Sources */,
				9A0C20F729A4D07D0030CE94 /* Frameworks */,
				9A0C20F829A4D07D0030CE94 /* Resources */,
				513039F68B4C8C6989B8017A /* [CP] Embed Pods Frameworks */,
			);
			buildRules = (
			);
			dependencies = (
				9A0C20FC29A4D07D0030CE94 /* PBXTargetDependency */,
			);
			name = MoviesWithCombineTests;
			productName = MoviesWithCombineTests;
			productReference = 9A0C20FA29A4D07D0030CE94 /* MoviesWithCombineTests.xctest */;
			productType = "com.apple.product-type.bundle.unit-test";
		};
		9A0C210329A4D07E0030CE94 /* MoviesWithCombineUITests */ = {
			isa = PBXNativeTarget;
			buildConfigurationList = 9A0C211429A4D07E0030CE94 /* Build configuration list for PBXNativeTarget "MoviesWithCombineUITests" */;
			buildPhases = (
				608F94749FA99C6388CC5179 /* [CP] Check Pods Manifest.lock */,
				9A0C210029A4D07E0030CE94 /* Sources */,
				9A0C210129A4D07E0030CE94 /* Frameworks */,
				9A0C210229A4D07E0030CE94 /* Resources */,
				04061B57B85962FFB470687F /* [CP] Embed Pods Frameworks */,
			);
			buildRules = (
			);
			dependencies = (
				9A0C210629A4D07E0030CE94 /* PBXTargetDependency */,
			);
			name = MoviesWithCombineUITests;
			productName = MoviesWithCombineUITests;
			productReference = 9A0C210429A4D07E0030CE94 /* MoviesWithCombineUITests.xctest */;
			productType = "com.apple.product-type.bundle.ui-testing";
		};
/* End PBXNativeTarget section */

/* Begin PBXProject section */
		9A0C20DC29A4D0790030CE94 /* Project object */ = {
			isa = PBXProject;
			attributes = {
				BuildIndependentTargetsInParallel = 1;
				LastSwiftUpdateCheck = 1400;
				LastUpgradeCheck = 1400;
				TargetAttributes = {
					9A0C20E329A4D0790030CE94 = {
						CreatedOnToolsVersion = 14.0.1;
					};
					9A0C20F929A4D07D0030CE94 = {
						CreatedOnToolsVersion = 14.0.1;
						TestTargetID = 9A0C20E329A4D0790030CE94;
					};
					9A0C210329A4D07E0030CE94 = {
						CreatedOnToolsVersion = 14.0.1;
						TestTargetID = 9A0C20E329A4D0790030CE94;
					};
				};
			};
			buildConfigurationList = 9A0C20DF29A4D0790030CE94 /* Build configuration list for PBXProject "MoviesWithCombine" */;
			compatibilityVersion = "Xcode 14.0";
			developmentRegion = en;
			hasScannedForEncodings = 0;
			knownRegions = (
				en,
				Base,
			);
			mainGroup = 9A0C20DB29A4D0790030CE94;
			productRefGroup = 9A0C20E529A4D0790030CE94 /* Products */;
			projectDirPath = "";
			projectRoot = "";
			targets = (
				9A0C20E329A4D0790030CE94 /* MoviesWithCombine */,
				9A0C20F929A4D07D0030CE94 /* MoviesWithCombineTests */,
				9A0C210329A4D07E0030CE94 /* MoviesWithCombineUITests */,
			);
		};
/* End PBXProject section */

/* Begin PBXResourcesBuildPhase section */
		9A0C20E229A4D0790030CE94 /* Resources */ = {
			isa = PBXResourcesBuildPhase;
			buildActionMask = 2147483647;
			files = (
				9AFB7E6929A4F170007989F6 /* MovieListViewController.xib in Resources */,
				9A0C20F429A4D07D0030CE94 /* LaunchScreen.storyboard in Resources */,
				9A0C20F129A4D07D0030CE94 /* Assets.xcassets in Resources */,
			);
			runOnlyForDeploymentPostprocessing = 0;
		};
		9A0C20F829A4D07D0030CE94 /* Resources */ = {
			isa = PBXResourcesBuildPhase;
			buildActionMask = 2147483647;
			files = (
			);
			runOnlyForDeploymentPostprocessing = 0;
		};
		9A0C210229A4D07E0030CE94 /* Resources */ = {
			isa = PBXResourcesBuildPhase;
			buildActionMask = 2147483647;
			files = (
			);
			runOnlyForDeploymentPostprocessing = 0;
		};
/* End PBXResourcesBuildPhase section */

/* Begin PBXShellScriptBuildPhase section */
		04061B57B85962FFB470687F /* [CP] Embed Pods Frameworks */ = {
			isa = PBXShellScriptBuildPhase;
			buildActionMask = 2147483647;
			files = (
			);
			inputFileListPaths = (
				"${PODS_ROOT}/Target Support Files/Pods-MoviesWithCombine-MoviesWithCombineUITests/Pods-MoviesWithCombine-MoviesWithCombineUITests-frameworks-${CONFIGURATION}-input-files.xcfilelist",
			);
			name = "[CP] Embed Pods Frameworks";
			outputFileListPaths = (
				"${PODS_ROOT}/Target Support Files/Pods-MoviesWithCombine-MoviesWithCombineUITests/Pods-MoviesWithCombine-MoviesWithCombineUITests-frameworks-${CONFIGURATION}-output-files.xcfilelist",
			);
			runOnlyForDeploymentPostprocessing = 0;
			shellPath = /bin/sh;
			shellScript = "\"${PODS_ROOT}/Target Support Files/Pods-MoviesWithCombine-MoviesWithCombineUITests/Pods-MoviesWithCombine-MoviesWithCombineUITests-frameworks.sh\"\n";
			showEnvVarsInLog = 0;
		};
		20D80EF7B25E07DFF064D960 /* [CP] Check Pods Manifest.lock */ = {
			isa = PBXShellScriptBuildPhase;
			buildActionMask = 2147483647;
			files = (
			);
			inputFileListPaths = (
			);
			inputPaths = (
				"${PODS_PODFILE_DIR_PATH}/Podfile.lock",
				"${PODS_ROOT}/Manifest.lock",
			);
			name = "[CP] Check Pods Manifest.lock";
			outputFileListPaths = (
			);
			outputPaths = (
				"$(DERIVED_FILE_DIR)/Pods-MoviesWithCombine-checkManifestLockResult.txt",
			);
			runOnlyForDeploymentPostprocessing = 0;
			shellPath = /bin/sh;
			shellScript = "diff \"${PODS_PODFILE_DIR_PATH}/Podfile.lock\" \"${PODS_ROOT}/Manifest.lock\" > /dev/null\nif [ $? != 0 ] ; then\n    # print error to STDERR\n    echo \"error: The sandbox is not in sync with the Podfile.lock. Run 'pod install' or update your CocoaPods installation.\" >&2\n    exit 1\nfi\n# This output is used by Xcode 'outputs' to avoid re-running this script phase.\necho \"SUCCESS\" > \"${SCRIPT_OUTPUT_FILE_0}\"\n";
			showEnvVarsInLog = 0;
		};
		513039F68B4C8C6989B8017A /* [CP] Embed Pods Frameworks */ = {
			isa = PBXShellScriptBuildPhase;
			buildActionMask = 2147483647;
			files = (
			);
			inputFileListPaths = (
				"${PODS_ROOT}/Target Support Files/Pods-MoviesWithCombineTests/Pods-MoviesWithCombineTests-frameworks-${CONFIGURATION}-input-files.xcfilelist",
			);
			name = "[CP] Embed Pods Frameworks";
			outputFileListPaths = (
				"${PODS_ROOT}/Target Support Files/Pods-MoviesWithCombineTests/Pods-MoviesWithCombineTests-frameworks-${CONFIGURATION}-output-files.xcfilelist",
			);
			runOnlyForDeploymentPostprocessing = 0;
			shellPath = /bin/sh;
			shellScript = "\"${PODS_ROOT}/Target Support Files/Pods-MoviesWithCombineTests/Pods-MoviesWithCombineTests-frameworks.sh\"\n";
			showEnvVarsInLog = 0;
		};
		608F94749FA99C6388CC5179 /* [CP] Check Pods Manifest.lock */ = {
			isa = PBXShellScriptBuildPhase;
			buildActionMask = 2147483647;
			files = (
			);
			inputFileListPaths = (
			);
			inputPaths = (
				"${PODS_PODFILE_DIR_PATH}/Podfile.lock",
				"${PODS_ROOT}/Manifest.lock",
			);
			name = "[CP] Check Pods Manifest.lock";
			outputFileListPaths = (
			);
			outputPaths = (
				"$(DERIVED_FILE_DIR)/Pods-MoviesWithCombine-MoviesWithCombineUITests-checkManifestLockResult.txt",
			);
			runOnlyForDeploymentPostprocessing = 0;
			shellPath = /bin/sh;
			shellScript = "diff \"${PODS_PODFILE_DIR_PATH}/Podfile.lock\" \"${PODS_ROOT}/Manifest.lock\" > /dev/null\nif [ $? != 0 ] ; then\n    # print error to STDERR\n    echo \"error: The sandbox is not in sync with the Podfile.lock. Run 'pod install' or update your CocoaPods installation.\" >&2\n    exit 1\nfi\n# This output is used by Xcode 'outputs' to avoid re-running this script phase.\necho \"SUCCESS\" > \"${SCRIPT_OUTPUT_FILE_0}\"\n";
			showEnvVarsInLog = 0;
		};
		6FA1DF0982ED5B39E3AD6895 /* [CP] Embed Pods Frameworks */ = {
			isa = PBXShellScriptBuildPhase;
			buildActionMask = 2147483647;
			files = (
			);
			inputFileListPaths = (
				"${PODS_ROOT}/Target Support Files/Pods-MoviesWithCombine/Pods-MoviesWithCombine-frameworks-${CONFIGURATION}-input-files.xcfilelist",
			);
			name = "[CP] Embed Pods Frameworks";
			outputFileListPaths = (
				"${PODS_ROOT}/Target Support Files/Pods-MoviesWithCombine/Pods-MoviesWithCombine-frameworks-${CONFIGURATION}-output-files.xcfilelist",
			);
			runOnlyForDeploymentPostprocessing = 0;
			shellPath = /bin/sh;
			shellScript = "\"${PODS_ROOT}/Target Support Files/Pods-MoviesWithCombine/Pods-MoviesWithCombine-frameworks.sh\"\n";
			showEnvVarsInLog = 0;
		};
		DA4A2666F80229ACD2645BF0 /* [CP] Check Pods Manifest.lock */ = {
			isa = PBXShellScriptBuildPhase;
			buildActionMask = 2147483647;
			files = (
			);
			inputFileListPaths = (
			);
			inputPaths = (
				"${PODS_PODFILE_DIR_PATH}/Podfile.lock",
				"${PODS_ROOT}/Manifest.lock",
			);
			name = "[CP] Check Pods Manifest.lock";
			outputFileListPaths = (
			);
			outputPaths = (
				"$(DERIVED_FILE_DIR)/Pods-MoviesWithCombineTests-checkManifestLockResult.txt",
			);
			runOnlyForDeploymentPostprocessing = 0;
			shellPath = /bin/sh;
			shellScript = "diff \"${PODS_PODFILE_DIR_PATH}/Podfile.lock\" \"${PODS_ROOT}/Manifest.lock\" > /dev/null\nif [ $? != 0 ] ; then\n    # print error to STDERR\n    echo \"error: The sandbox is not in sync with the Podfile.lock. Run 'pod install' or update your CocoaPods installation.\" >&2\n    exit 1\nfi\n# This output is used by Xcode 'outputs' to avoid re-running this script phase.\necho \"SUCCESS\" > \"${SCRIPT_OUTPUT_FILE_0}\"\n";
			showEnvVarsInLog = 0;
		};
/* End PBXShellScriptBuildPhase section */

/* Begin PBXSourcesBuildPhase section */
		9A0C20E029A4D0790030CE94 /* Sources */ = {
			isa = PBXSourcesBuildPhase;
			buildActionMask = 2147483647;
			files = (
				9A83F43829A4FD5000EF797E /* ReachabilityManager.swift in Sources */,
				9A83F48329A516DA00EF797E /* NetworkMethods.swift in Sources */,
				9AFB7E9229A4F788007989F6 /* Ex+UIView+Helpers.swift in Sources */,
				9A83F45229A5022600EF797E /* ProgressHUDAlertIcon.swift in Sources */,
				9AFB7E6829A4F170007989F6 /* MovieListViewController.swift in Sources */,
				9A83F44329A5010700EF797E /* AsyncImageView.swift in Sources */,
				9A83F46229A5063400EF797E /* BaseError.swift in Sources */,
				9A83F43429A4FCC800EF797E /* ReachabilityContract.swift in Sources */,
				9A83F45529A5022600EF797E /* ProgressHUD.swift in Sources */,
				9A83F47029A5073300EF797E /* ViewModelState.swift in Sources */,
				9A83F45129A5022600EF797E /* ProgressView.swift in Sources */,
				9A83F45429A5022600EF797E /* ProgressDisplayer.swift in Sources */,
				9A83F46529A5063400EF797E /* ErrorResolver.swift in Sources */,
				9A83F45029A5022600EF797E /* ProgressHUDAnimationType.swift in Sources */,
				9A83F44029A4FF8500EF797E /* GaneralConstants.swift in Sources */,
				9A83F44829A501BB00EF797E /* AlertAction.swift in Sources */,
				9A83F46429A5063400EF797E /* ErrorType.swift in Sources */,
				9AFB7E9A29A4F788007989F6 /* Ex+NSObject+Helpers.swift in Sources */,
				9A83F44629A5017E00EF797E /* AlertItem.swift in Sources */,
				9A83F43D29A4FE0300EF797E /* DisposeObject.swift in Sources */,
				9AFB7E9529A4F788007989F6 /* Ex+Dictionary+Helpers.swift in Sources */,
				9AFB7E9729A4F788007989F6 /* Ex+CollectionView+Helpers.swift in Sources */,
				9A83F47329A5080C00EF797E /* EnvironmentManager.swift in Sources */,
				9A83F47829A50DF200EF797E /* APIService.swift in Sources */,
				9A83F46629A5063400EF797E /* ErrorType+Code.swift in Sources */,
				9A83F43A29A4FD9F00EF797E /* BaseViewController.swift in Sources */,
				9AFB7E9929A4F788007989F6 /* Ex+Navigation+Helpers.swift in Sources */,
				9AFB7E9129A4F788007989F6 /* Ex+UIFont+Helpers.swift in Sources */,
				9A83F47629A509C400EF797E /* APIServiceContract.swift in Sources */,
				9A83F48829A517C300EF797E /* Constants.swift in Sources */,
				9AFB7E9629A4F788007989F6 /* Ex+Optional+Helpers.swift in Sources */,
				9AFB7E9B29A4F788007989F6 /* Ex+UIColor+Helpers.swift in Sources */,
				9A83F46729A5063400EF797E /* ErrorType+Message.swift in Sources */,
				9A83F45329A5022600EF797E /* ProgressHUDAnimatedIcon.swift in Sources */,
				9A83F47B29A5161000EF797E /* NetworkConstants.swift in Sources */,
				9A0C20E829A4D07A0030CE94 /* AppDelegate.swift in Sources */,
				9A83F48F29A52B0200EF797E /* APpCoordinator.swift in Sources */,
				9A83F48129A516C000EF797E /* NetworkHeaders.swift in Sources */,
				9A83F47D29A5164C00EF797E /* ConstantAPI.swift in Sources */,
				9A83F48529A516FF00EF797E /* NetworkParameters.swift in Sources */,
				9A0C20EA29A4D07A0030CE94 /* SceneDelegate.swift in Sources */,
				9A83F46329A5063400EF797E /* ErrorConstant.swift in Sources */,
				9A83F46E29A506FE00EF797E /* BaseViewModel.swift in Sources */,
				9A83F47F29A5169000EF797E /* NetworkContentType.swift in Sources */,
				9A83F48C29A5195800EF797E /* APIBuilder.swift in Sources */,
				9AFB7E9829A4F788007989F6 /* Ex+String+Helpers.swift in Sources */,
				9AFB7E9329A4F788007989F6 /* Ex+UIViewController.swift in Sources */,
				9AFB7E9429A4F788007989F6 /* Extension+Publisher.swift in Sources */,
			);
			runOnlyForDeploymentPostprocessing = 0;
		};
		9A0C20F629A4D07D0030CE94 /* Sources */ = {
			isa = PBXSourcesBuildPhase;
			buildActionMask = 2147483647;
			files = (
				9A0C20FF29A4D07D0030CE94 /* MoviesWithCombineTests.swift in Sources */,
			);
			runOnlyForDeploymentPostprocessing = 0;
		};
		9A0C210029A4D07E0030CE94 /* Sources */ = {
			isa = PBXSourcesBuildPhase;
			buildActionMask = 2147483647;
			files = (
				9A0C210929A4D07E0030CE94 /* MoviesWithCombineUITests.swift in Sources */,
				9A0C210B29A4D07E0030CE94 /* MoviesWithCombineUITestsLaunchTests.swift in Sources */,
			);
			runOnlyForDeploymentPostprocessing = 0;
		};
/* End PBXSourcesBuildPhase section */

/* Begin PBXTargetDependency section */
		9A0C20FC29A4D07D0030CE94 /* PBXTargetDependency */ = {
			isa = PBXTargetDependency;
			target = 9A0C20E329A4D0790030CE94 /* MoviesWithCombine */;
			targetProxy = 9A0C20FB29A4D07D0030CE94 /* PBXContainerItemProxy */;
		};
		9A0C210629A4D07E0030CE94 /* PBXTargetDependency */ = {
			isa = PBXTargetDependency;
			target = 9A0C20E329A4D0790030CE94 /* MoviesWithCombine */;
			targetProxy = 9A0C210529A4D07E0030CE94 /* PBXContainerItemProxy */;
		};
/* End PBXTargetDependency section */

/* Begin PBXVariantGroup section */
		9A0C20F229A4D07D0030CE94 /* LaunchScreen.storyboard */ = {
			isa = PBXVariantGroup;
			children = (
				9A0C20F329A4D07D0030CE94 /* Base */,
			);
			name = LaunchScreen.storyboard;
			sourceTree = "<group>";
		};
/* End PBXVariantGroup section */

/* Begin XCBuildConfiguration section */
		9A0C210C29A4D07E0030CE94 /* Debug */ = {
			isa = XCBuildConfiguration;
			buildSettings = {
				ALWAYS_SEARCH_USER_PATHS = NO;
				CLANG_ANALYZER_NONNULL = YES;
				CLANG_ANALYZER_NUMBER_OBJECT_CONVERSION = YES_AGGRESSIVE;
				CLANG_CXX_LANGUAGE_STANDARD = "gnu++20";
				CLANG_ENABLE_MODULES = YES;
				CLANG_ENABLE_OBJC_ARC = YES;
				CLANG_ENABLE_OBJC_WEAK = YES;
				CLANG_WARN_BLOCK_CAPTURE_AUTORELEASING = YES;
				CLANG_WARN_BOOL_CONVERSION = YES;
				CLANG_WARN_COMMA = YES;
				CLANG_WARN_CONSTANT_CONVERSION = YES;
				CLANG_WARN_DEPRECATED_OBJC_IMPLEMENTATIONS = YES;
				CLANG_WARN_DIRECT_OBJC_ISA_USAGE = YES_ERROR;
				CLANG_WARN_DOCUMENTATION_COMMENTS = YES;
				CLANG_WARN_EMPTY_BODY = YES;
				CLANG_WARN_ENUM_CONVERSION = YES;
				CLANG_WARN_INFINITE_RECURSION = YES;
				CLANG_WARN_INT_CONVERSION = YES;
				CLANG_WARN_NON_LITERAL_NULL_CONVERSION = YES;
				CLANG_WARN_OBJC_IMPLICIT_RETAIN_SELF = YES;
				CLANG_WARN_OBJC_LITERAL_CONVERSION = YES;
				CLANG_WARN_OBJC_ROOT_CLASS = YES_ERROR;
				CLANG_WARN_QUOTED_INCLUDE_IN_FRAMEWORK_HEADER = YES;
				CLANG_WARN_RANGE_LOOP_ANALYSIS = YES;
				CLANG_WARN_STRICT_PROTOTYPES = YES;
				CLANG_WARN_SUSPICIOUS_MOVE = YES;
				CLANG_WARN_UNGUARDED_AVAILABILITY = YES_AGGRESSIVE;
				CLANG_WARN_UNREACHABLE_CODE = YES;
				CLANG_WARN__DUPLICATE_METHOD_MATCH = YES;
				COPY_PHASE_STRIP = NO;
				DEBUG_INFORMATION_FORMAT = dwarf;
				ENABLE_STRICT_OBJC_MSGSEND = YES;
				ENABLE_TESTABILITY = YES;
				GCC_C_LANGUAGE_STANDARD = gnu11;
				GCC_DYNAMIC_NO_PIC = NO;
				GCC_NO_COMMON_BLOCKS = YES;
				GCC_OPTIMIZATION_LEVEL = 0;
				GCC_PREPROCESSOR_DEFINITIONS = (
					"DEBUG=1",
					"$(inherited)",
				);
				GCC_WARN_64_TO_32_BIT_CONVERSION = YES;
				GCC_WARN_ABOUT_RETURN_TYPE = YES_ERROR;
				GCC_WARN_UNDECLARED_SELECTOR = YES;
				GCC_WARN_UNINITIALIZED_AUTOS = YES_AGGRESSIVE;
				GCC_WARN_UNUSED_FUNCTION = YES;
				GCC_WARN_UNUSED_VARIABLE = YES;
				IPHONEOS_DEPLOYMENT_TARGET = 16.0;
				MTL_ENABLE_DEBUG_INFO = INCLUDE_SOURCE;
				MTL_FAST_MATH = YES;
				ONLY_ACTIVE_ARCH = YES;
				SDKROOT = iphoneos;
				SWIFT_ACTIVE_COMPILATION_CONDITIONS = DEBUG;
				SWIFT_OPTIMIZATION_LEVEL = "-Onone";
			};
			name = Debug;
		};
		9A0C210D29A4D07E0030CE94 /* Release */ = {
			isa = XCBuildConfiguration;
			buildSettings = {
				ALWAYS_SEARCH_USER_PATHS = NO;
				CLANG_ANALYZER_NONNULL = YES;
				CLANG_ANALYZER_NUMBER_OBJECT_CONVERSION = YES_AGGRESSIVE;
				CLANG_CXX_LANGUAGE_STANDARD = "gnu++20";
				CLANG_ENABLE_MODULES = YES;
				CLANG_ENABLE_OBJC_ARC = YES;
				CLANG_ENABLE_OBJC_WEAK = YES;
				CLANG_WARN_BLOCK_CAPTURE_AUTORELEASING = YES;
				CLANG_WARN_BOOL_CONVERSION = YES;
				CLANG_WARN_COMMA = YES;
				CLANG_WARN_CONSTANT_CONVERSION = YES;
				CLANG_WARN_DEPRECATED_OBJC_IMPLEMENTATIONS = YES;
				CLANG_WARN_DIRECT_OBJC_ISA_USAGE = YES_ERROR;
				CLANG_WARN_DOCUMENTATION_COMMENTS = YES;
				CLANG_WARN_EMPTY_BODY = YES;
				CLANG_WARN_ENUM_CONVERSION = YES;
				CLANG_WARN_INFINITE_RECURSION = YES;
				CLANG_WARN_INT_CONVERSION = YES;
				CLANG_WARN_NON_LITERAL_NULL_CONVERSION = YES;
				CLANG_WARN_OBJC_IMPLICIT_RETAIN_SELF = YES;
				CLANG_WARN_OBJC_LITERAL_CONVERSION = YES;
				CLANG_WARN_OBJC_ROOT_CLASS = YES_ERROR;
				CLANG_WARN_QUOTED_INCLUDE_IN_FRAMEWORK_HEADER = YES;
				CLANG_WARN_RANGE_LOOP_ANALYSIS = YES;
				CLANG_WARN_STRICT_PROTOTYPES = YES;
				CLANG_WARN_SUSPICIOUS_MOVE = YES;
				CLANG_WARN_UNGUARDED_AVAILABILITY = YES_AGGRESSIVE;
				CLANG_WARN_UNREACHABLE_CODE = YES;
				CLANG_WARN__DUPLICATE_METHOD_MATCH = YES;
				COPY_PHASE_STRIP = NO;
				DEBUG_INFORMATION_FORMAT = "dwarf-with-dsym";
				ENABLE_NS_ASSERTIONS = NO;
				ENABLE_STRICT_OBJC_MSGSEND = YES;
				GCC_C_LANGUAGE_STANDARD = gnu11;
				GCC_NO_COMMON_BLOCKS = YES;
				GCC_WARN_64_TO_32_BIT_CONVERSION = YES;
				GCC_WARN_ABOUT_RETURN_TYPE = YES_ERROR;
				GCC_WARN_UNDECLARED_SELECTOR = YES;
				GCC_WARN_UNINITIALIZED_AUTOS = YES_AGGRESSIVE;
				GCC_WARN_UNUSED_FUNCTION = YES;
				GCC_WARN_UNUSED_VARIABLE = YES;
				IPHONEOS_DEPLOYMENT_TARGET = 16.0;
				MTL_ENABLE_DEBUG_INFO = NO;
				MTL_FAST_MATH = YES;
				SDKROOT = iphoneos;
				SWIFT_COMPILATION_MODE = wholemodule;
				SWIFT_OPTIMIZATION_LEVEL = "-O";
				VALIDATE_PRODUCT = YES;
			};
			name = Release;
		};
		9A0C210F29A4D07E0030CE94 /* Debug */ = {
			isa = XCBuildConfiguration;
			baseConfigurationReference = 01699BF97DE462883B10C440 /* Pods-MoviesWithCombine.debug.xcconfig */;
			buildSettings = {
				ASSETCATALOG_COMPILER_APPICON_NAME = AppIcon;
				ASSETCATALOG_COMPILER_GLOBAL_ACCENT_COLOR_NAME = AccentColor;
				CODE_SIGN_STYLE = Automatic;
				CURRENT_PROJECT_VERSION = 1;
				DEVELOPMENT_TEAM = 36UUT2F55J;
				GENERATE_INFOPLIST_FILE = YES;
				INFOPLIST_FILE = MoviesWithCombine/Info.plist;
				INFOPLIST_KEY_LSApplicationCategoryType = "public.app-category.business";
				INFOPLIST_KEY_UIApplicationSupportsIndirectInputEvents = YES;
				INFOPLIST_KEY_UILaunchStoryboardName = LaunchScreen;
				INFOPLIST_KEY_UISupportedInterfaceOrientations = UIInterfaceOrientationPortrait;
				IPHONEOS_DEPLOYMENT_TARGET = 14.0;
				LD_RUNPATH_SEARCH_PATHS = (
					"$(inherited)",
					"@executable_path/Frameworks",
				);
				MARKETING_VERSION = 1.0;
				PRODUCT_BUNDLE_IDENTIFIER = com.PromoClicks.MoviesWithCombine.MoviesWithCombine;
				PRODUCT_NAME = "$(TARGET_NAME)";
				SWIFT_EMIT_LOC_STRINGS = YES;
				SWIFT_VERSION = 5.0;
				TARGETED_DEVICE_FAMILY = "1,2";
			};
			name = Debug;
		};
		9A0C211029A4D07E0030CE94 /* Release */ = {
			isa = XCBuildConfiguration;
			baseConfigurationReference = FE3BA03D95F54521E240BB2B /* Pods-MoviesWithCombine.release.xcconfig */;
			buildSettings = {
				ASSETCATALOG_COMPILER_APPICON_NAME = AppIcon;
				ASSETCATALOG_COMPILER_GLOBAL_ACCENT_COLOR_NAME = AccentColor;
				CODE_SIGN_STYLE = Automatic;
				CURRENT_PROJECT_VERSION = 1;
				DEVELOPMENT_TEAM = 36UUT2F55J;
				GENERATE_INFOPLIST_FILE = YES;
				INFOPLIST_FILE = MoviesWithCombine/Info.plist;
				INFOPLIST_KEY_LSApplicationCategoryType = "public.app-category.business";
				INFOPLIST_KEY_UIApplicationSupportsIndirectInputEvents = YES;
				INFOPLIST_KEY_UILaunchStoryboardName = LaunchScreen;
				INFOPLIST_KEY_UISupportedInterfaceOrientations = UIInterfaceOrientationPortrait;
				IPHONEOS_DEPLOYMENT_TARGET = 14.0;
				LD_RUNPATH_SEARCH_PATHS = (
					"$(inherited)",
					"@executable_path/Frameworks",
				);
				MARKETING_VERSION = 1.0;
				PRODUCT_BUNDLE_IDENTIFIER = com.PromoClicks.MoviesWithCombine.MoviesWithCombine;
				PRODUCT_NAME = "$(TARGET_NAME)";
				SWIFT_EMIT_LOC_STRINGS = YES;
				SWIFT_VERSION = 5.0;
				TARGETED_DEVICE_FAMILY = "1,2";
			};
			name = Release;
		};
		9A0C211229A4D07E0030CE94 /* Debug */ = {
			isa = XCBuildConfiguration;
			baseConfigurationReference = 63E209DDDB48E42D890A1BF7 /* Pods-MoviesWithCombineTests.debug.xcconfig */;
			buildSettings = {
				ALWAYS_EMBED_SWIFT_STANDARD_LIBRARIES = YES;
				BUNDLE_LOADER = "$(TEST_HOST)";
				CODE_SIGN_STYLE = Automatic;
				CURRENT_PROJECT_VERSION = 1;
				DEVELOPMENT_TEAM = 36UUT2F55J;
				GENERATE_INFOPLIST_FILE = YES;
				IPHONEOS_DEPLOYMENT_TARGET = 16.0;
				MARKETING_VERSION = 1.0;
				PRODUCT_BUNDLE_IDENTIFIER = com.PromoClicks.MoviesWithCombine.MoviesWithCombineTests;
				PRODUCT_NAME = "$(TARGET_NAME)";
				SWIFT_EMIT_LOC_STRINGS = NO;
				SWIFT_VERSION = 5.0;
				TARGETED_DEVICE_FAMILY = "1,2";
				TEST_HOST = "$(BUILT_PRODUCTS_DIR)/MoviesWithCombine.app/$(BUNDLE_EXECUTABLE_FOLDER_PATH)/MoviesWithCombine";
			};
			name = Debug;
		};
		9A0C211329A4D07E0030CE94 /* Release */ = {
			isa = XCBuildConfiguration;
			baseConfigurationReference = 5A3E6787AA230C2FF2366791 /* Pods-MoviesWithCombineTests.release.xcconfig */;
			buildSettings = {
				ALWAYS_EMBED_SWIFT_STANDARD_LIBRARIES = YES;
				BUNDLE_LOADER = "$(TEST_HOST)";
				CODE_SIGN_STYLE = Automatic;
				CURRENT_PROJECT_VERSION = 1;
				DEVELOPMENT_TEAM = 36UUT2F55J;
				GENERATE_INFOPLIST_FILE = YES;
				IPHONEOS_DEPLOYMENT_TARGET = 16.0;
				MARKETING_VERSION = 1.0;
				PRODUCT_BUNDLE_IDENTIFIER = com.PromoClicks.MoviesWithCombine.MoviesWithCombineTests;
				PRODUCT_NAME = "$(TARGET_NAME)";
				SWIFT_EMIT_LOC_STRINGS = NO;
				SWIFT_VERSION = 5.0;
				TARGETED_DEVICE_FAMILY = "1,2";
				TEST_HOST = "$(BUILT_PRODUCTS_DIR)/MoviesWithCombine.app/$(BUNDLE_EXECUTABLE_FOLDER_PATH)/MoviesWithCombine";
			};
			name = Release;
		};
		9A0C211529A4D07E0030CE94 /* Debug */ = {
			isa = XCBuildConfiguration;
			baseConfigurationReference = 284668F28BB53643AC84C383 /* Pods-MoviesWithCombine-MoviesWithCombineUITests.debug.xcconfig */;
			buildSettings = {
				ALWAYS_EMBED_SWIFT_STANDARD_LIBRARIES = YES;
				CODE_SIGN_STYLE = Automatic;
				CURRENT_PROJECT_VERSION = 1;
				DEVELOPMENT_TEAM = 36UUT2F55J;
				GENERATE_INFOPLIST_FILE = YES;
				MARKETING_VERSION = 1.0;
				PRODUCT_BUNDLE_IDENTIFIER = com.PromoClicks.MoviesWithCombine.MoviesWithCombineUITests;
				PRODUCT_NAME = "$(TARGET_NAME)";
				SWIFT_EMIT_LOC_STRINGS = NO;
				SWIFT_VERSION = 5.0;
				TARGETED_DEVICE_FAMILY = "1,2";
				TEST_TARGET_NAME = MoviesWithCombine;
			};
			name = Debug;
		};
		9A0C211629A4D07E0030CE94 /* Release */ = {
			isa = XCBuildConfiguration;
			baseConfigurationReference = 5FD513417A10B3EB4B81D87F /* Pods-MoviesWithCombine-MoviesWithCombineUITests.release.xcconfig */;
			buildSettings = {
				ALWAYS_EMBED_SWIFT_STANDARD_LIBRARIES = YES;
				CODE_SIGN_STYLE = Automatic;
				CURRENT_PROJECT_VERSION = 1;
				DEVELOPMENT_TEAM = 36UUT2F55J;
				GENERATE_INFOPLIST_FILE = YES;
				MARKETING_VERSION = 1.0;
				PRODUCT_BUNDLE_IDENTIFIER = com.PromoClicks.MoviesWithCombine.MoviesWithCombineUITests;
				PRODUCT_NAME = "$(TARGET_NAME)";
				SWIFT_EMIT_LOC_STRINGS = NO;
				SWIFT_VERSION = 5.0;
				TARGETED_DEVICE_FAMILY = "1,2";
				TEST_TARGET_NAME = MoviesWithCombine;
			};
			name = Release;
		};
/* End XCBuildConfiguration section */

/* Begin XCConfigurationList section */
		9A0C20DF29A4D0790030CE94 /* Build configuration list for PBXProject "MoviesWithCombine" */ = {
			isa = XCConfigurationList;
			buildConfigurations = (
				9A0C210C29A4D07E0030CE94 /* Debug */,
				9A0C210D29A4D07E0030CE94 /* Release */,
			);
			defaultConfigurationIsVisible = 0;
			defaultConfigurationName = Release;
		};
		9A0C210E29A4D07E0030CE94 /* Build configuration list for PBXNativeTarget "MoviesWithCombine" */ = {
			isa = XCConfigurationList;
			buildConfigurations = (
				9A0C210F29A4D07E0030CE94 /* Debug */,
				9A0C211029A4D07E0030CE94 /* Release */,
			);
			defaultConfigurationIsVisible = 0;
			defaultConfigurationName = Release;
		};
		9A0C211129A4D07E0030CE94 /* Build configuration list for PBXNativeTarget "MoviesWithCombineTests" */ = {
			isa = XCConfigurationList;
			buildConfigurations = (
				9A0C211229A4D07E0030CE94 /* Debug */,
				9A0C211329A4D07E0030CE94 /* Release */,
			);
			defaultConfigurationIsVisible = 0;
			defaultConfigurationName = Release;
		};
		9A0C211429A4D07E0030CE94 /* Build configuration list for PBXNativeTarget "MoviesWithCombineUITests" */ = {
			isa = XCConfigurationList;
			buildConfigurations = (
				9A0C211529A4D07E0030CE94 /* Debug */,
				9A0C211629A4D07E0030CE94 /* Release */,
			);
			defaultConfigurationIsVisible = 0;
			defaultConfigurationName = Release;
		};
/* End XCConfigurationList section */
	};
	rootObject = 9A0C20DC29A4D0790030CE94 /* Project object */;
}
